Microsoft Visual Studio Solution File, Format Version 11.00
# Visual Studio 2008

Project("{62608E08-ADC2-9A8D-6DBC-9754E659F125}") = "client", "Assembly-CSharp-firstpass.csproj", "{3A1B43A0-276E-34FB-197E-1ACDE9001A0F}"
EndProject
Project("{62608E08-ADC2-9A8D-6DBC-9754E659F125}") = "client", "Assembly-CSharp.csproj", "{A2859A56-AB4A-51F9-60BB-1B6FC96E8C70}"
EndProject
Project("{62608E08-ADC2-9A8D-6DBC-9754E659F125}") = "client", "Assembly-CSharp-Editor.csproj", "{2FC59FCE-BCB1-13D3-FB79-5DD1AF79A2AF}"
EndProject
Global
	GlobalSection(SolutionConfigurationPlatforms) = preSolution
		Debug|Any CPU = Debug|Any CPU
		Release|Any CPU = Release|Any CPU
	EndGlobalSection
	GlobalSection(ProjectConfigurationPlatforms) = postSolution
		{3A1B43A0-276E-34FB-197E-1ACDE9001A0F}.Debug|Any CPU.ActiveCfg = Debug|Any CPU
		{3A1B43A0-276E-34FB-197E-1ACDE9001A0F}.Debug|Any CPU.Build.0 = Debug|Any CPU
		{3A1B43A0-276E-34FB-197E-1ACDE9001A0F}.Release|Any CPU.ActiveCfg = Release|Any CPU
		{3A1B43A0-276E-34FB-197E-1ACDE9001A0F}.Release|Any CPU.Build.0 = Release|Any CPU
		{A2859A56-AB4A-51F9-60BB-1B6FC96E8C70}.Debug|Any CPU.ActiveCfg = Debug|Any CPU
		{A2859A56-AB4A-51F9-60BB-1B6FC96E8C70}.Debug|Any CPU.Build.0 = Debug|Any CPU
		{A2859A56-AB4A-51F9-60BB-1B6FC96E8C70}.Release|Any CPU.ActiveCfg = Release|Any CPU
		{A2859A56-AB4A-51F9-60BB-1B6FC96E8C70}.Release|Any CPU.Build.0 = Release|Any CPU
		{2FC59FCE-BCB1-13D3-FB79-5DD1AF79A2AF}.Debug|Any CPU.ActiveCfg = Debug|Any CPU
		{2FC59FCE-BCB1-13D3-FB79-5DD1AF79A2AF}.Debug|Any CPU.Build.0 = Debug|Any CPU
		{2FC59FCE-BCB1-13D3-FB79-5DD1AF79A2AF}.Release|Any CPU.ActiveCfg = Release|Any CPU
		{2FC59FCE-BCB1-13D3-FB79-5DD1AF79A2AF}.Release|Any CPU.Build.0 = Release|Any CPU
	EndGlobalSection
	GlobalSection(SolutionProperties) = preSolution
		HideSolutionNode = FALSE
	EndGlobalSection
	GlobalSection(MonoDevelopProperties) = preSolution
		StartupItem = Assembly-CSharp.csproj
	EndGlobalSection
EndGlobal
