
Microsoft Visual Studio Solution File, Format Version 12.00
# Visual Studio for Mac
Project("{FAE04EC0-301F-11D3-BF4B-00C04F79EFBC}") = "Client.Code", "Client.Code.csproj", "{59BEA679-CB92-D0F9-5371-8CFEF9515322}"
EndProject
Project("{FAE04EC0-301F-11D3-BF4B-00C04F79EFBC}") = "FingerGestures", "FingerGestures.csproj", "{3E77F979-118A-1A25-E9A9-26D66A35C230}"
EndProject
Project("{FAE04EC0-301F-11D3-BF4B-00C04F79EFBC}") = "iTween", "iTween.csproj", "{4A23B913-D826-EA05-C5EC-62BE1FAF90CA}"
EndProject
Project("{FAE04EC0-301F-11D3-BF4B-00C04F79EFBC}") = "Client.Editor", "Client.Editor.csproj", "{51253018-34DD-C741-D83E-1319D21B1CFD}"
EndProject
Global
	GlobalSection(SolutionConfigurationPlatforms) = preSolution
		Debug|Any CPU = Debug|Any CPU
		Release|Any CPU = Release|Any CPU
	EndGlobalSection
	GlobalSection(ProjectConfigurationPlatforms) = postSolution
		{59BEA679-CB92-D0F9-5371-8CFEF9515322}.Debug|Any CPU.ActiveCfg = Debug|Any CPU
		{59BEA679-CB92-D0F9-5371-8CFEF9515322}.Debug|Any CPU.Build.0 = Debug|Any CPU
		{59BEA679-CB92-D0F9-5371-8CFEF9515322}.Release|Any CPU.ActiveCfg = Release|Any CPU
		{59BEA679-CB92-D0F9-5371-8CFEF9515322}.Release|Any CPU.Build.0 = Release|Any CPU
		{3E77F979-118A-1A25-E9A9-26D66A35C230}.Debug|Any CPU.ActiveCfg = Debug|Any CPU
		{3E77F979-118A-1A25-E9A9-26D66A35C230}.Debug|Any CPU.Build.0 = Debug|Any CPU
		{3E77F979-118A-1A25-E9A9-26D66A35C230}.Release|Any CPU.ActiveCfg = Release|Any CPU
		{3E77F979-118A-1A25-E9A9-26D66A35C230}.Release|Any CPU.Build.0 = Release|Any CPU
		{4A23B913-D826-EA05-C5EC-62BE1FAF90CA}.Debug|Any CPU.ActiveCfg = Debug|Any CPU
		{4A23B913-D826-EA05-C5EC-62BE1FAF90CA}.Debug|Any CPU.Build.0 = Debug|Any CPU
		{4A23B913-D826-EA05-C5EC-62BE1FAF90CA}.Release|Any CPU.ActiveCfg = Release|Any CPU
		{4A23B913-D826-EA05-C5EC-62BE1FAF90CA}.Release|Any CPU.Build.0 = Release|Any CPU
		{51253018-34DD-C741-D83E-1319D21B1CFD}.Debug|Any CPU.ActiveCfg = Debug|Any CPU
		{51253018-34DD-C741-D83E-1319D21B1CFD}.Debug|Any CPU.Build.0 = Debug|Any CPU
		{51253018-34DD-C741-D83E-1319D21B1CFD}.Release|Any CPU.ActiveCfg = Release|Any CPU
		{51253018-34DD-C741-D83E-1319D21B1CFD}.Release|Any CPU.Build.0 = Release|Any CPU
	EndGlobalSection
	GlobalSection(SolutionProperties) = preSolution
		HideSolutionNode = FALSE
	EndGlobalSection
EndGlobal
