Microsoft Visual Studio Solution File, Format Version 12.00
# Visual Studio 15
VisualStudioVersion = 15.0.26228.9
MinimumVisualStudioVersion = 10.0.40219.1
Project("{FAE04EC0-301F-11D3-BF4B-00C04F79EFBC}") = "GateServer", "GServer\GateServer.csproj", "{CE033800-A1E8-4B64-A5B3-E83B32D459E0}"
EndProject
Project("{FAE04EC0-301F-11D3-BF4B-00C04F79EFBC}") = "LoginServer", "LoginServer\LoginServer.csproj", "{3508095A-DE0F-4FEA-8717-962D0388B5E4}"
EndProject
Project("{FAE04EC0-301F-11D3-BF4B-00C04F79EFBC}") = "UnitTester", "UnitTester\UnitTester.csproj", "{FEE62908-08BC-49B0-9E3D-642F39D3A689}"
EndProject
Project("{FAE04EC0-301F-11D3-BF4B-00C04F79EFBC}") = "XNet.Libs", "..\..\GameCore\XNet\XNet.Libs.csproj", "{32AC4539-87A0-4E68-BCE8-FEA1D8D05062}"
EndProject
Project("{FAE04EC0-301F-11D3-BF4B-00C04F79EFBC}") = "ServerUtility", "ServerUtility\ServerUtility.csproj", "{00362684-FB0A-44FA-8EA5-9A8E3768DEC0}"
EndProject
Project("{FAE04EC0-301F-11D3-BF4B-00C04F79EFBC}") = "MapServer", "MapServer\MapServer.csproj", "{82CECA50-8A36-4234-B7FF-701C11B29054}"
EndProject
Project("{FAE04EC0-301F-11D3-BF4B-00C04F79EFBC}") = "Layout", "..\..\GameCore\Layout\Layout.csproj", "{CED50765-1F3C-4771-B1F3-20E0E070E7B8}"
EndProject
Project("{FAE04EC0-301F-11D3-BF4B-00C04F79EFBC}") = "GameLogic", "..\..\GameCore\GameLogic\GameLogic.csproj", "{B767A6E1-2CEA-4D01-9E93-C23D3EBB3DDB}"
EndProject
Project("{FAE04EC0-301F-11D3-BF4B-00C04F79EFBC}") = "EngineCore", "..\..\GameCore\EngineCore\EngineCore.csproj", "{333D9862-F4CA-405F-85C0-FA26C45B3683}"
EndProject
Project("{FAE04EC0-301F-11D3-BF4B-00C04F79EFBC}") = "BehaviorTree", "..\..\GameCore\BehaviorTree\BehaviorTree.csproj", "{22C6EB2E-25BD-4244-80AA-E142BDBD69E6}"
EndProject
Project("{FAE04EC0-301F-11D3-BF4B-00C04F79EFBC}") = "Astar", "Astar\Astar.csproj", "{C7C39819-7967-43C1-AEAA-A51BEB3720AD}"
EndProject
Project("{2150E333-8FDC-42A3-9474-1A3956D46DE8}") = "Libiray", "Libiray", "{0143BB0F-4621-4F35-A83C-168FE4C2833A}"
EndProject
Global
	GlobalSection(SolutionConfigurationPlatforms) = preSolution
		Debug - Mono Strict|Any CPU = Debug - Mono Strict|Any CPU
		Debug - Mono Strict|x86 = Debug - Mono Strict|x86
		Debug|Any CPU = Debug|Any CPU
		Debug|x86 = Debug|x86
		DebugMono|Any CPU = DebugMono|Any CPU
		DebugMono|x86 = DebugMono|x86
		Documentation|Any CPU = Documentation|Any CPU
		Documentation|x86 = Documentation|x86
		Nsis|Any CPU = Nsis|Any CPU
		Nsis|x86 = Nsis|x86
		Release|Any CPU = Release|Any CPU
		Release|x86 = Release|x86
		ReleaseMono|Any CPU = ReleaseMono|Any CPU
		ReleaseMono|x86 = ReleaseMono|x86
	EndGlobalSection
	GlobalSection(ProjectConfigurationPlatforms) = postSolution
		{CE033800-A1E8-4B64-A5B3-E83B32D459E0}.Debug - Mono Strict|Any CPU.ActiveCfg = Debug|x86
		{CE033800-A1E8-4B64-A5B3-E83B32D459E0}.Debug - Mono Strict|Any CPU.Build.0 = Debug|x86
		{CE033800-A1E8-4B64-A5B3-E83B32D459E0}.Debug - Mono Strict|x86.ActiveCfg = Debug|x86
		{CE033800-A1E8-4B64-A5B3-E83B32D459E0}.Debug - Mono Strict|x86.Build.0 = Debug|x86
		{CE033800-A1E8-4B64-A5B3-E83B32D459E0}.Debug|Any CPU.ActiveCfg = Debug|x86
		{CE033800-A1E8-4B64-A5B3-E83B32D459E0}.Debug|x86.ActiveCfg = Debug|x86
		{CE033800-A1E8-4B64-A5B3-E83B32D459E0}.Debug|x86.Build.0 = Debug|x86
		{CE033800-A1E8-4B64-A5B3-E83B32D459E0}.DebugMono|Any CPU.ActiveCfg = Debug|x86
		{CE033800-A1E8-4B64-A5B3-E83B32D459E0}.DebugMono|Any CPU.Build.0 = Debug|x86
		{CE033800-A1E8-4B64-A5B3-E83B32D459E0}.DebugMono|x86.ActiveCfg = Debug|x86
		{CE033800-A1E8-4B64-A5B3-E83B32D459E0}.DebugMono|x86.Build.0 = Debug|x86
		{CE033800-A1E8-4B64-A5B3-E83B32D459E0}.Documentation|Any CPU.ActiveCfg = Debug|x86
		{CE033800-A1E8-4B64-A5B3-E83B32D459E0}.Documentation|Any CPU.Build.0 = Debug|x86
		{CE033800-A1E8-4B64-A5B3-E83B32D459E0}.Documentation|x86.ActiveCfg = Debug|x86
		{CE033800-A1E8-4B64-A5B3-E83B32D459E0}.Documentation|x86.Build.0 = Debug|x86
		{CE033800-A1E8-4B64-A5B3-E83B32D459E0}.Nsis|Any CPU.ActiveCfg = Debug|x86
		{CE033800-A1E8-4B64-A5B3-E83B32D459E0}.Nsis|Any CPU.Build.0 = Debug|x86
		{CE033800-A1E8-4B64-A5B3-E83B32D459E0}.Nsis|x86.ActiveCfg = Release|x86
		{CE033800-A1E8-4B64-A5B3-E83B32D459E0}.Nsis|x86.Build.0 = Release|x86
		{CE033800-A1E8-4B64-A5B3-E83B32D459E0}.Release|Any CPU.ActiveCfg = Release|x86
		{CE033800-A1E8-4B64-A5B3-E83B32D459E0}.Release|x86.ActiveCfg = Release|x86
		{CE033800-A1E8-4B64-A5B3-E83B32D459E0}.Release|x86.Build.0 = Release|x86
		{CE033800-A1E8-4B64-A5B3-E83B32D459E0}.ReleaseMono|Any CPU.ActiveCfg = Debug|x86
		{CE033800-A1E8-4B64-A5B3-E83B32D459E0}.ReleaseMono|Any CPU.Build.0 = Debug|x86
		{CE033800-A1E8-4B64-A5B3-E83B32D459E0}.ReleaseMono|x86.ActiveCfg = Release|x86
		{CE033800-A1E8-4B64-A5B3-E83B32D459E0}.ReleaseMono|x86.Build.0 = Release|x86
		{3508095A-DE0F-4FEA-8717-962D0388B5E4}.Debug - Mono Strict|Any CPU.ActiveCfg = Debug|x86
		{3508095A-DE0F-4FEA-8717-962D0388B5E4}.Debug - Mono Strict|Any CPU.Build.0 = Debug|x86
		{3508095A-DE0F-4FEA-8717-962D0388B5E4}.Debug - Mono Strict|x86.ActiveCfg = Debug|x86
		{3508095A-DE0F-4FEA-8717-962D0388B5E4}.Debug - Mono Strict|x86.Build.0 = Debug|x86
		{3508095A-DE0F-4FEA-8717-962D0388B5E4}.Debug|Any CPU.ActiveCfg = Debug|x86
		{3508095A-DE0F-4FEA-8717-962D0388B5E4}.Debug|x86.ActiveCfg = Debug|x86
		{3508095A-DE0F-4FEA-8717-962D0388B5E4}.Debug|x86.Build.0 = Debug|x86
		{3508095A-DE0F-4FEA-8717-962D0388B5E4}.DebugMono|Any CPU.ActiveCfg = Debug|x86
		{3508095A-DE0F-4FEA-8717-962D0388B5E4}.DebugMono|Any CPU.Build.0 = Debug|x86
		{3508095A-DE0F-4FEA-8717-962D0388B5E4}.DebugMono|x86.ActiveCfg = Debug|x86
		{3508095A-DE0F-4FEA-8717-962D0388B5E4}.DebugMono|x86.Build.0 = Debug|x86
		{3508095A-DE0F-4FEA-8717-962D0388B5E4}.Documentation|Any CPU.ActiveCfg = Debug|x86
		{3508095A-DE0F-4FEA-8717-962D0388B5E4}.Documentation|Any CPU.Build.0 = Debug|x86
		{3508095A-DE0F-4FEA-8717-962D0388B5E4}.Documentation|x86.ActiveCfg = Debug|x86
		{3508095A-DE0F-4FEA-8717-962D0388B5E4}.Documentation|x86.Build.0 = Debug|x86
		{3508095A-DE0F-4FEA-8717-962D0388B5E4}.Nsis|Any CPU.ActiveCfg = Debug|x86
		{3508095A-DE0F-4FEA-8717-962D0388B5E4}.Nsis|Any CPU.Build.0 = Debug|x86
		{3508095A-DE0F-4FEA-8717-962D0388B5E4}.Nsis|x86.ActiveCfg = Release|x86
		{3508095A-DE0F-4FEA-8717-962D0388B5E4}.Nsis|x86.Build.0 = Release|x86
		{3508095A-DE0F-4FEA-8717-962D0388B5E4}.Release|Any CPU.ActiveCfg = Release|x86
		{3508095A-DE0F-4FEA-8717-962D0388B5E4}.Release|x86.ActiveCfg = Release|x86
		{3508095A-DE0F-4FEA-8717-962D0388B5E4}.Release|x86.Build.0 = Release|x86
		{3508095A-DE0F-4FEA-8717-962D0388B5E4}.ReleaseMono|Any CPU.ActiveCfg = Debug|x86
		{3508095A-DE0F-4FEA-8717-962D0388B5E4}.ReleaseMono|Any CPU.Build.0 = Debug|x86
		{3508095A-DE0F-4FEA-8717-962D0388B5E4}.ReleaseMono|x86.ActiveCfg = Release|x86
		{3508095A-DE0F-4FEA-8717-962D0388B5E4}.ReleaseMono|x86.Build.0 = Release|x86
		{FEE62908-08BC-49B0-9E3D-642F39D3A689}.Debug - Mono Strict|Any CPU.ActiveCfg = Debug|x86
		{FEE62908-08BC-49B0-9E3D-642F39D3A689}.Debug - Mono Strict|Any CPU.Build.0 = Debug|x86
		{FEE62908-08BC-49B0-9E3D-642F39D3A689}.Debug - Mono Strict|x86.ActiveCfg = Debug|x86
		{FEE62908-08BC-49B0-9E3D-642F39D3A689}.Debug - Mono Strict|x86.Build.0 = Debug|x86
		{FEE62908-08BC-49B0-9E3D-642F39D3A689}.Debug|Any CPU.ActiveCfg = Debug|x86
		{FEE62908-08BC-49B0-9E3D-642F39D3A689}.Debug|x86.ActiveCfg = Debug|x86
		{FEE62908-08BC-49B0-9E3D-642F39D3A689}.Debug|x86.Build.0 = Debug|x86
		{FEE62908-08BC-49B0-9E3D-642F39D3A689}.DebugMono|Any CPU.ActiveCfg = Debug|x86
		{FEE62908-08BC-49B0-9E3D-642F39D3A689}.DebugMono|Any CPU.Build.0 = Debug|x86
		{FEE62908-08BC-49B0-9E3D-642F39D3A689}.DebugMono|x86.ActiveCfg = Debug|x86
		{FEE62908-08BC-49B0-9E3D-642F39D3A689}.DebugMono|x86.Build.0 = Debug|x86
		{FEE62908-08BC-49B0-9E3D-642F39D3A689}.Documentation|Any CPU.ActiveCfg = Debug|x86
		{FEE62908-08BC-49B0-9E3D-642F39D3A689}.Documentation|Any CPU.Build.0 = Debug|x86
		{FEE62908-08BC-49B0-9E3D-642F39D3A689}.Documentation|x86.ActiveCfg = Debug|x86
		{FEE62908-08BC-49B0-9E3D-642F39D3A689}.Documentation|x86.Build.0 = Debug|x86
		{FEE62908-08BC-49B0-9E3D-642F39D3A689}.Nsis|Any CPU.ActiveCfg = Debug|x86
		{FEE62908-08BC-49B0-9E3D-642F39D3A689}.Nsis|Any CPU.Build.0 = Debug|x86
		{FEE62908-08BC-49B0-9E3D-642F39D3A689}.Nsis|x86.ActiveCfg = Release|x86
		{FEE62908-08BC-49B0-9E3D-642F39D3A689}.Nsis|x86.Build.0 = Release|x86
		{FEE62908-08BC-49B0-9E3D-642F39D3A689}.Release|Any CPU.ActiveCfg = Release|x86
		{FEE62908-08BC-49B0-9E3D-642F39D3A689}.Release|x86.ActiveCfg = Release|x86
		{FEE62908-08BC-49B0-9E3D-642F39D3A689}.Release|x86.Build.0 = Release|x86
		{FEE62908-08BC-49B0-9E3D-642F39D3A689}.ReleaseMono|Any CPU.ActiveCfg = Debug|x86
		{FEE62908-08BC-49B0-9E3D-642F39D3A689}.ReleaseMono|Any CPU.Build.0 = Debug|x86
		{FEE62908-08BC-49B0-9E3D-642F39D3A689}.ReleaseMono|x86.ActiveCfg = Release|x86
		{FEE62908-08BC-49B0-9E3D-642F39D3A689}.ReleaseMono|x86.Build.0 = Release|x86
		{32AC4539-87A0-4E68-BCE8-FEA1D8D05062}.Debug - Mono Strict|Any CPU.ActiveCfg = Debug|Any CPU
		{32AC4539-87A0-4E68-BCE8-FEA1D8D05062}.Debug - Mono Strict|Any CPU.Build.0 = Debug|Any CPU
		{32AC4539-87A0-4E68-BCE8-FEA1D8D05062}.Debug - Mono Strict|x86.ActiveCfg = Debug|Any CPU
		{32AC4539-87A0-4E68-BCE8-FEA1D8D05062}.Debug - Mono Strict|x86.Build.0 = Debug|Any CPU
		{32AC4539-87A0-4E68-BCE8-FEA1D8D05062}.Debug|Any CPU.ActiveCfg = Debug|Any CPU
		{32AC4539-87A0-4E68-BCE8-FEA1D8D05062}.Debug|Any CPU.Build.0 = Debug|Any CPU
		{32AC4539-87A0-4E68-BCE8-FEA1D8D05062}.Debug|x86.ActiveCfg = Debug|Any CPU
		{32AC4539-87A0-4E68-BCE8-FEA1D8D05062}.Debug|x86.Build.0 = Debug|Any CPU
		{32AC4539-87A0-4E68-BCE8-FEA1D8D05062}.DebugMono|Any CPU.ActiveCfg = Debug|Any CPU
		{32AC4539-87A0-4E68-BCE8-FEA1D8D05062}.DebugMono|Any CPU.Build.0 = Debug|Any CPU
		{32AC4539-87A0-4E68-BCE8-FEA1D8D05062}.DebugMono|x86.ActiveCfg = Debug|Any CPU
		{32AC4539-87A0-4E68-BCE8-FEA1D8D05062}.DebugMono|x86.Build.0 = Debug|Any CPU
		{32AC4539-87A0-4E68-BCE8-FEA1D8D05062}.Documentation|Any CPU.ActiveCfg = Debug|Any CPU
		{32AC4539-87A0-4E68-BCE8-FEA1D8D05062}.Documentation|Any CPU.Build.0 = Debug|Any CPU
		{32AC4539-87A0-4E68-BCE8-FEA1D8D05062}.Documentation|x86.ActiveCfg = Debug|Any CPU
		{32AC4539-87A0-4E68-BCE8-FEA1D8D05062}.Documentation|x86.Build.0 = Debug|Any CPU
		{32AC4539-87A0-4E68-BCE8-FEA1D8D05062}.Nsis|Any CPU.ActiveCfg = Debug|Any CPU
		{32AC4539-87A0-4E68-BCE8-FEA1D8D05062}.Nsis|Any CPU.Build.0 = Debug|Any CPU
		{32AC4539-87A0-4E68-BCE8-FEA1D8D05062}.Nsis|x86.ActiveCfg = Release|Any CPU
		{32AC4539-87A0-4E68-BCE8-FEA1D8D05062}.Nsis|x86.Build.0 = Release|Any CPU
		{32AC4539-87A0-4E68-BCE8-FEA1D8D05062}.Release|Any CPU.ActiveCfg = Release|Any CPU
		{32AC4539-87A0-4E68-BCE8-FEA1D8D05062}.Release|Any CPU.Build.0 = Release|Any CPU
		{32AC4539-87A0-4E68-BCE8-FEA1D8D05062}.Release|x86.ActiveCfg = Release|Any CPU
		{32AC4539-87A0-4E68-BCE8-FEA1D8D05062}.Release|x86.Build.0 = Release|Any CPU
		{32AC4539-87A0-4E68-BCE8-FEA1D8D05062}.ReleaseMono|Any CPU.ActiveCfg = Debug|Any CPU
		{32AC4539-87A0-4E68-BCE8-FEA1D8D05062}.ReleaseMono|Any CPU.Build.0 = Debug|Any CPU
		{32AC4539-87A0-4E68-BCE8-FEA1D8D05062}.ReleaseMono|x86.ActiveCfg = Release|Any CPU
		{32AC4539-87A0-4E68-BCE8-FEA1D8D05062}.ReleaseMono|x86.Build.0 = Release|Any CPU
		{00362684-FB0A-44FA-8EA5-9A8E3768DEC0}.Debug - Mono Strict|Any CPU.ActiveCfg = Debug|Any CPU
		{00362684-FB0A-44FA-8EA5-9A8E3768DEC0}.Debug - Mono Strict|Any CPU.Build.0 = Debug|Any CPU
		{00362684-FB0A-44FA-8EA5-9A8E3768DEC0}.Debug - Mono Strict|x86.ActiveCfg = Debug|Any CPU
		{00362684-FB0A-44FA-8EA5-9A8E3768DEC0}.Debug - Mono Strict|x86.Build.0 = Debug|Any CPU
		{00362684-FB0A-44FA-8EA5-9A8E3768DEC0}.Debug|Any CPU.ActiveCfg = Debug|Any CPU
		{00362684-FB0A-44FA-8EA5-9A8E3768DEC0}.Debug|Any CPU.Build.0 = Debug|Any CPU
		{00362684-FB0A-44FA-8EA5-9A8E3768DEC0}.Debug|x86.ActiveCfg = Debug|Any CPU
		{00362684-FB0A-44FA-8EA5-9A8E3768DEC0}.Debug|x86.Build.0 = Debug|Any CPU
		{00362684-FB0A-44FA-8EA5-9A8E3768DEC0}.DebugMono|Any CPU.ActiveCfg = Debug|Any CPU
		{00362684-FB0A-44FA-8EA5-9A8E3768DEC0}.DebugMono|Any CPU.Build.0 = Debug|Any CPU
		{00362684-FB0A-44FA-8EA5-9A8E3768DEC0}.DebugMono|x86.ActiveCfg = Debug|Any CPU
		{00362684-FB0A-44FA-8EA5-9A8E3768DEC0}.DebugMono|x86.Build.0 = Debug|Any CPU
		{00362684-FB0A-44FA-8EA5-9A8E3768DEC0}.Documentation|Any CPU.ActiveCfg = Debug|Any CPU
		{00362684-FB0A-44FA-8EA5-9A8E3768DEC0}.Documentation|Any CPU.Build.0 = Debug|Any CPU
		{00362684-FB0A-44FA-8EA5-9A8E3768DEC0}.Documentation|x86.ActiveCfg = Debug|Any CPU
		{00362684-FB0A-44FA-8EA5-9A8E3768DEC0}.Documentation|x86.Build.0 = Debug|Any CPU
		{00362684-FB0A-44FA-8EA5-9A8E3768DEC0}.Nsis|Any CPU.ActiveCfg = Debug|Any CPU
		{00362684-FB0A-44FA-8EA5-9A8E3768DEC0}.Nsis|Any CPU.Build.0 = Debug|Any CPU
		{00362684-FB0A-44FA-8EA5-9A8E3768DEC0}.Nsis|x86.ActiveCfg = Release|Any CPU
		{00362684-FB0A-44FA-8EA5-9A8E3768DEC0}.Nsis|x86.Build.0 = Release|Any CPU
		{00362684-FB0A-44FA-8EA5-9A8E3768DEC0}.Release|Any CPU.ActiveCfg = Release|Any CPU
		{00362684-FB0A-44FA-8EA5-9A8E3768DEC0}.Release|Any CPU.Build.0 = Release|Any CPU
		{00362684-FB0A-44FA-8EA5-9A8E3768DEC0}.Release|x86.ActiveCfg = Release|Any CPU
		{00362684-FB0A-44FA-8EA5-9A8E3768DEC0}.Release|x86.Build.0 = Release|Any CPU
		{00362684-FB0A-44FA-8EA5-9A8E3768DEC0}.ReleaseMono|Any CPU.ActiveCfg = Debug|Any CPU
		{00362684-FB0A-44FA-8EA5-9A8E3768DEC0}.ReleaseMono|Any CPU.Build.0 = Debug|Any CPU
		{00362684-FB0A-44FA-8EA5-9A8E3768DEC0}.ReleaseMono|x86.ActiveCfg = Release|Any CPU
		{00362684-FB0A-44FA-8EA5-9A8E3768DEC0}.ReleaseMono|x86.Build.0 = Release|Any CPU
		{82CECA50-8A36-4234-B7FF-701C11B29054}.Debug - Mono Strict|Any CPU.ActiveCfg = Debug|x86
		{82CECA50-8A36-4234-B7FF-701C11B29054}.Debug - Mono Strict|Any CPU.Build.0 = Debug|x86
		{82CECA50-8A36-4234-B7FF-701C11B29054}.Debug - Mono Strict|x86.ActiveCfg = Debug|x86
		{82CECA50-8A36-4234-B7FF-701C11B29054}.Debug - Mono Strict|x86.Build.0 = Debug|x86
		{82CECA50-8A36-4234-B7FF-701C11B29054}.Debug|Any CPU.ActiveCfg = Debug|x86
		{82CECA50-8A36-4234-B7FF-701C11B29054}.Debug|x86.ActiveCfg = Debug|x86
		{82CECA50-8A36-4234-B7FF-701C11B29054}.Debug|x86.Build.0 = Debug|x86
		{82CECA50-8A36-4234-B7FF-701C11B29054}.DebugMono|Any CPU.ActiveCfg = Debug|x86
		{82CECA50-8A36-4234-B7FF-701C11B29054}.DebugMono|Any CPU.Build.0 = Debug|x86
		{82CECA50-8A36-4234-B7FF-701C11B29054}.DebugMono|x86.ActiveCfg = Debug|x86
		{82CECA50-8A36-4234-B7FF-701C11B29054}.DebugMono|x86.Build.0 = Debug|x86
		{82CECA50-8A36-4234-B7FF-701C11B29054}.Documentation|Any CPU.ActiveCfg = Debug|x86
		{82CECA50-8A36-4234-B7FF-701C11B29054}.Documentation|Any CPU.Build.0 = Debug|x86
		{82CECA50-8A36-4234-B7FF-701C11B29054}.Documentation|x86.ActiveCfg = Debug|x86
		{82CECA50-8A36-4234-B7FF-701C11B29054}.Documentation|x86.Build.0 = Debug|x86
		{82CECA50-8A36-4234-B7FF-701C11B29054}.Nsis|Any CPU.ActiveCfg = Debug|x86
		{82CECA50-8A36-4234-B7FF-701C11B29054}.Nsis|Any CPU.Build.0 = Debug|x86
		{82CECA50-8A36-4234-B7FF-701C11B29054}.Nsis|x86.ActiveCfg = Release|x86
		{82CECA50-8A36-4234-B7FF-701C11B29054}.Nsis|x86.Build.0 = Release|x86
		{82CECA50-8A36-4234-B7FF-701C11B29054}.Release|Any CPU.ActiveCfg = Release|x86
		{82CECA50-8A36-4234-B7FF-701C11B29054}.Release|x86.ActiveCfg = Release|x86
		{82CECA50-8A36-4234-B7FF-701C11B29054}.Release|x86.Build.0 = Release|x86
		{82CECA50-8A36-4234-B7FF-701C11B29054}.ReleaseMono|Any CPU.ActiveCfg = Debug|x86
		{82CECA50-8A36-4234-B7FF-701C11B29054}.ReleaseMono|Any CPU.Build.0 = Debug|x86
		{82CECA50-8A36-4234-B7FF-701C11B29054}.ReleaseMono|x86.ActiveCfg = Release|x86
		{82CECA50-8A36-4234-B7FF-701C11B29054}.ReleaseMono|x86.Build.0 = Release|x86
		{CED50765-1F3C-4771-B1F3-20E0E070E7B8}.Debug - Mono Strict|Any CPU.ActiveCfg = Debug|Any CPU
		{CED50765-1F3C-4771-B1F3-20E0E070E7B8}.Debug - Mono Strict|Any CPU.Build.0 = Debug|Any CPU
		{CED50765-1F3C-4771-B1F3-20E0E070E7B8}.Debug - Mono Strict|x86.ActiveCfg = Debug|Any CPU
		{CED50765-1F3C-4771-B1F3-20E0E070E7B8}.Debug - Mono Strict|x86.Build.0 = Debug|Any CPU
		{CED50765-1F3C-4771-B1F3-20E0E070E7B8}.Debug|Any CPU.ActiveCfg = Debug|Any CPU
		{CED50765-1F3C-4771-B1F3-20E0E070E7B8}.Debug|Any CPU.Build.0 = Debug|Any CPU
		{CED50765-1F3C-4771-B1F3-20E0E070E7B8}.Debug|x86.ActiveCfg = Debug|Any CPU
		{CED50765-1F3C-4771-B1F3-20E0E070E7B8}.Debug|x86.Build.0 = Debug|Any CPU
		{CED50765-1F3C-4771-B1F3-20E0E070E7B8}.DebugMono|Any CPU.ActiveCfg = Debug|Any CPU
		{CED50765-1F3C-4771-B1F3-20E0E070E7B8}.DebugMono|Any CPU.Build.0 = Debug|Any CPU
		{CED50765-1F3C-4771-B1F3-20E0E070E7B8}.DebugMono|x86.ActiveCfg = Debug|Any CPU
		{CED50765-1F3C-4771-B1F3-20E0E070E7B8}.DebugMono|x86.Build.0 = Debug|Any CPU
		{CED50765-1F3C-4771-B1F3-20E0E070E7B8}.Documentation|Any CPU.ActiveCfg = Debug|Any CPU
		{CED50765-1F3C-4771-B1F3-20E0E070E7B8}.Documentation|Any CPU.Build.0 = Debug|Any CPU
		{CED50765-1F3C-4771-B1F3-20E0E070E7B8}.Documentation|x86.ActiveCfg = Debug|Any CPU
		{CED50765-1F3C-4771-B1F3-20E0E070E7B8}.Documentation|x86.Build.0 = Debug|Any CPU
		{CED50765-1F3C-4771-B1F3-20E0E070E7B8}.Nsis|Any CPU.ActiveCfg = Debug|Any CPU
		{CED50765-1F3C-4771-B1F3-20E0E070E7B8}.Nsis|Any CPU.Build.0 = Debug|Any CPU
		{CED50765-1F3C-4771-B1F3-20E0E070E7B8}.Nsis|x86.ActiveCfg = Release|Any CPU
		{CED50765-1F3C-4771-B1F3-20E0E070E7B8}.Nsis|x86.Build.0 = Release|Any CPU
		{CED50765-1F3C-4771-B1F3-20E0E070E7B8}.Release|Any CPU.ActiveCfg = Release|Any CPU
		{CED50765-1F3C-4771-B1F3-20E0E070E7B8}.Release|Any CPU.Build.0 = Release|Any CPU
		{CED50765-1F3C-4771-B1F3-20E0E070E7B8}.Release|x86.ActiveCfg = Release|Any CPU
		{CED50765-1F3C-4771-B1F3-20E0E070E7B8}.Release|x86.Build.0 = Release|Any CPU
		{CED50765-1F3C-4771-B1F3-20E0E070E7B8}.ReleaseMono|Any CPU.ActiveCfg = Debug|Any CPU
		{CED50765-1F3C-4771-B1F3-20E0E070E7B8}.ReleaseMono|Any CPU.Build.0 = Debug|Any CPU
		{CED50765-1F3C-4771-B1F3-20E0E070E7B8}.ReleaseMono|x86.ActiveCfg = Release|Any CPU
		{CED50765-1F3C-4771-B1F3-20E0E070E7B8}.ReleaseMono|x86.Build.0 = Release|Any CPU
		{B767A6E1-2CEA-4D01-9E93-C23D3EBB3DDB}.Debug - Mono Strict|Any CPU.ActiveCfg = Debug|Any CPU
		{B767A6E1-2CEA-4D01-9E93-C23D3EBB3DDB}.Debug - Mono Strict|Any CPU.Build.0 = Debug|Any CPU
		{B767A6E1-2CEA-4D01-9E93-C23D3EBB3DDB}.Debug - Mono Strict|x86.ActiveCfg = Debug|Any CPU
		{B767A6E1-2CEA-4D01-9E93-C23D3EBB3DDB}.Debug - Mono Strict|x86.Build.0 = Debug|Any CPU
		{B767A6E1-2CEA-4D01-9E93-C23D3EBB3DDB}.Debug|Any CPU.ActiveCfg = Debug|Any CPU
		{B767A6E1-2CEA-4D01-9E93-C23D3EBB3DDB}.Debug|Any CPU.Build.0 = Debug|Any CPU
		{B767A6E1-2CEA-4D01-9E93-C23D3EBB3DDB}.Debug|x86.ActiveCfg = Debug|Any CPU
		{B767A6E1-2CEA-4D01-9E93-C23D3EBB3DDB}.Debug|x86.Build.0 = Debug|Any CPU
		{B767A6E1-2CEA-4D01-9E93-C23D3EBB3DDB}.DebugMono|Any CPU.ActiveCfg = Debug|Any CPU
		{B767A6E1-2CEA-4D01-9E93-C23D3EBB3DDB}.DebugMono|Any CPU.Build.0 = Debug|Any CPU
		{B767A6E1-2CEA-4D01-9E93-C23D3EBB3DDB}.DebugMono|x86.ActiveCfg = Debug|Any CPU
		{B767A6E1-2CEA-4D01-9E93-C23D3EBB3DDB}.DebugMono|x86.Build.0 = Debug|Any CPU
		{B767A6E1-2CEA-4D01-9E93-C23D3EBB3DDB}.Documentation|Any CPU.ActiveCfg = Debug|Any CPU
		{B767A6E1-2CEA-4D01-9E93-C23D3EBB3DDB}.Documentation|Any CPU.Build.0 = Debug|Any CPU
		{B767A6E1-2CEA-4D01-9E93-C23D3EBB3DDB}.Documentation|x86.ActiveCfg = Debug|Any CPU
		{B767A6E1-2CEA-4D01-9E93-C23D3EBB3DDB}.Documentation|x86.Build.0 = Debug|Any CPU
		{B767A6E1-2CEA-4D01-9E93-C23D3EBB3DDB}.Nsis|Any CPU.ActiveCfg = Debug|Any CPU
		{B767A6E1-2CEA-4D01-9E93-C23D3EBB3DDB}.Nsis|Any CPU.Build.0 = Debug|Any CPU
		{B767A6E1-2CEA-4D01-9E93-C23D3EBB3DDB}.Nsis|x86.ActiveCfg = Release|Any CPU
		{B767A6E1-2CEA-4D01-9E93-C23D3EBB3DDB}.Nsis|x86.Build.0 = Release|Any CPU
		{B767A6E1-2CEA-4D01-9E93-C23D3EBB3DDB}.Release|Any CPU.ActiveCfg = Release|Any CPU
		{B767A6E1-2CEA-4D01-9E93-C23D3EBB3DDB}.Release|Any CPU.Build.0 = Release|Any CPU
		{B767A6E1-2CEA-4D01-9E93-C23D3EBB3DDB}.Release|x86.ActiveCfg = Release|Any CPU
		{B767A6E1-2CEA-4D01-9E93-C23D3EBB3DDB}.Release|x86.Build.0 = Release|Any CPU
		{B767A6E1-2CEA-4D01-9E93-C23D3EBB3DDB}.ReleaseMono|Any CPU.ActiveCfg = Debug|Any CPU
		{B767A6E1-2CEA-4D01-9E93-C23D3EBB3DDB}.ReleaseMono|Any CPU.Build.0 = Debug|Any CPU
		{B767A6E1-2CEA-4D01-9E93-C23D3EBB3DDB}.ReleaseMono|x86.ActiveCfg = Release|Any CPU
		{B767A6E1-2CEA-4D01-9E93-C23D3EBB3DDB}.ReleaseMono|x86.Build.0 = Release|Any CPU
		{333D9862-F4CA-405F-85C0-FA26C45B3683}.Debug - Mono Strict|Any CPU.ActiveCfg = Debug|Any CPU
		{333D9862-F4CA-405F-85C0-FA26C45B3683}.Debug - Mono Strict|Any CPU.Build.0 = Debug|Any CPU
		{333D9862-F4CA-405F-85C0-FA26C45B3683}.Debug - Mono Strict|x86.ActiveCfg = Debug|Any CPU
		{333D9862-F4CA-405F-85C0-FA26C45B3683}.Debug - Mono Strict|x86.Build.0 = Debug|Any CPU
		{333D9862-F4CA-405F-85C0-FA26C45B3683}.Debug|Any CPU.ActiveCfg = Debug|Any CPU
		{333D9862-F4CA-405F-85C0-FA26C45B3683}.Debug|Any CPU.Build.0 = Debug|Any CPU
		{333D9862-F4CA-405F-85C0-FA26C45B3683}.Debug|x86.ActiveCfg = Debug|Any CPU
		{333D9862-F4CA-405F-85C0-FA26C45B3683}.Debug|x86.Build.0 = Debug|Any CPU
		{333D9862-F4CA-405F-85C0-FA26C45B3683}.DebugMono|Any CPU.ActiveCfg = Debug|Any CPU
		{333D9862-F4CA-405F-85C0-FA26C45B3683}.DebugMono|Any CPU.Build.0 = Debug|Any CPU
		{333D9862-F4CA-405F-85C0-FA26C45B3683}.DebugMono|x86.ActiveCfg = Debug|Any CPU
		{333D9862-F4CA-405F-85C0-FA26C45B3683}.DebugMono|x86.Build.0 = Debug|Any CPU
		{333D9862-F4CA-405F-85C0-FA26C45B3683}.Documentation|Any CPU.ActiveCfg = Debug|Any CPU
		{333D9862-F4CA-405F-85C0-FA26C45B3683}.Documentation|Any CPU.Build.0 = Debug|Any CPU
		{333D9862-F4CA-405F-85C0-FA26C45B3683}.Documentation|x86.ActiveCfg = Debug|Any CPU
		{333D9862-F4CA-405F-85C0-FA26C45B3683}.Documentation|x86.Build.0 = Debug|Any CPU
		{333D9862-F4CA-405F-85C0-FA26C45B3683}.Nsis|Any CPU.ActiveCfg = Debug|Any CPU
		{333D9862-F4CA-405F-85C0-FA26C45B3683}.Nsis|Any CPU.Build.0 = Debug|Any CPU
		{333D9862-F4CA-405F-85C0-FA26C45B3683}.Nsis|x86.ActiveCfg = Release|Any CPU
		{333D9862-F4CA-405F-85C0-FA26C45B3683}.Nsis|x86.Build.0 = Release|Any CPU
		{333D9862-F4CA-405F-85C0-FA26C45B3683}.Release|Any CPU.ActiveCfg = Release|Any CPU
		{333D9862-F4CA-405F-85C0-FA26C45B3683}.Release|Any CPU.Build.0 = Release|Any CPU
		{333D9862-F4CA-405F-85C0-FA26C45B3683}.Release|x86.ActiveCfg = Release|Any CPU
		{333D9862-F4CA-405F-85C0-FA26C45B3683}.Release|x86.Build.0 = Release|Any CPU
		{333D9862-F4CA-405F-85C0-FA26C45B3683}.ReleaseMono|Any CPU.ActiveCfg = Debug|Any CPU
		{333D9862-F4CA-405F-85C0-FA26C45B3683}.ReleaseMono|Any CPU.Build.0 = Debug|Any CPU
		{333D9862-F4CA-405F-85C0-FA26C45B3683}.ReleaseMono|x86.ActiveCfg = Release|Any CPU
		{333D9862-F4CA-405F-85C0-FA26C45B3683}.ReleaseMono|x86.Build.0 = Release|Any CPU
		{22C6EB2E-25BD-4244-80AA-E142BDBD69E6}.Debug - Mono Strict|Any CPU.ActiveCfg = Debug|Any CPU
		{22C6EB2E-25BD-4244-80AA-E142BDBD69E6}.Debug - Mono Strict|Any CPU.Build.0 = Debug|Any CPU
		{22C6EB2E-25BD-4244-80AA-E142BDBD69E6}.Debug - Mono Strict|x86.ActiveCfg = Debug|Any CPU
		{22C6EB2E-25BD-4244-80AA-E142BDBD69E6}.Debug - Mono Strict|x86.Build.0 = Debug|Any CPU
		{22C6EB2E-25BD-4244-80AA-E142BDBD69E6}.Debug|Any CPU.ActiveCfg = Debug|Any CPU
		{22C6EB2E-25BD-4244-80AA-E142BDBD69E6}.Debug|Any CPU.Build.0 = Debug|Any CPU
		{22C6EB2E-25BD-4244-80AA-E142BDBD69E6}.Debug|x86.ActiveCfg = Debug|Any CPU
		{22C6EB2E-25BD-4244-80AA-E142BDBD69E6}.Debug|x86.Build.0 = Debug|Any CPU
		{22C6EB2E-25BD-4244-80AA-E142BDBD69E6}.DebugMono|Any CPU.ActiveCfg = Debug|Any CPU
		{22C6EB2E-25BD-4244-80AA-E142BDBD69E6}.DebugMono|Any CPU.Build.0 = Debug|Any CPU
		{22C6EB2E-25BD-4244-80AA-E142BDBD69E6}.DebugMono|x86.ActiveCfg = Debug|Any CPU
		{22C6EB2E-25BD-4244-80AA-E142BDBD69E6}.DebugMono|x86.Build.0 = Debug|Any CPU
		{22C6EB2E-25BD-4244-80AA-E142BDBD69E6}.Documentation|Any CPU.ActiveCfg = Debug|Any CPU
		{22C6EB2E-25BD-4244-80AA-E142BDBD69E6}.Documentation|Any CPU.Build.0 = Debug|Any CPU
		{22C6EB2E-25BD-4244-80AA-E142BDBD69E6}.Documentation|x86.ActiveCfg = Debug|Any CPU
		{22C6EB2E-25BD-4244-80AA-E142BDBD69E6}.Documentation|x86.Build.0 = Debug|Any CPU
		{22C6EB2E-25BD-4244-80AA-E142BDBD69E6}.Nsis|Any CPU.ActiveCfg = Debug|Any CPU
		{22C6EB2E-25BD-4244-80AA-E142BDBD69E6}.Nsis|Any CPU.Build.0 = Debug|Any CPU
		{22C6EB2E-25BD-4244-80AA-E142BDBD69E6}.Nsis|x86.ActiveCfg = Release|Any CPU
		{22C6EB2E-25BD-4244-80AA-E142BDBD69E6}.Nsis|x86.Build.0 = Release|Any CPU
		{22C6EB2E-25BD-4244-80AA-E142BDBD69E6}.Release|Any CPU.ActiveCfg = Release|Any CPU
		{22C6EB2E-25BD-4244-80AA-E142BDBD69E6}.Release|Any CPU.Build.0 = Release|Any CPU
		{22C6EB2E-25BD-4244-80AA-E142BDBD69E6}.Release|x86.ActiveCfg = Release|Any CPU
		{22C6EB2E-25BD-4244-80AA-E142BDBD69E6}.Release|x86.Build.0 = Release|Any CPU
		{22C6EB2E-25BD-4244-80AA-E142BDBD69E6}.ReleaseMono|Any CPU.ActiveCfg = Debug|Any CPU
		{22C6EB2E-25BD-4244-80AA-E142BDBD69E6}.ReleaseMono|Any CPU.Build.0 = Debug|Any CPU
		{22C6EB2E-25BD-4244-80AA-E142BDBD69E6}.ReleaseMono|x86.ActiveCfg = Release|Any CPU
		{22C6EB2E-25BD-4244-80AA-E142BDBD69E6}.ReleaseMono|x86.Build.0 = Release|Any CPU
		{C7C39819-7967-43C1-AEAA-A51BEB3720AD}.Debug - Mono Strict|Any CPU.ActiveCfg = Debug|Any CPU
		{C7C39819-7967-43C1-AEAA-A51BEB3720AD}.Debug - Mono Strict|Any CPU.Build.0 = Debug|Any CPU
		{C7C39819-7967-43C1-AEAA-A51BEB3720AD}.Debug - Mono Strict|x86.ActiveCfg = Debug|Any CPU
		{C7C39819-7967-43C1-AEAA-A51BEB3720AD}.Debug - Mono Strict|x86.Build.0 = Debug|Any CPU
		{C7C39819-7967-43C1-AEAA-A51BEB3720AD}.Debug|Any CPU.ActiveCfg = Debug|Any CPU
		{C7C39819-7967-43C1-AEAA-A51BEB3720AD}.Debug|Any CPU.Build.0 = Debug|Any CPU
		{C7C39819-7967-43C1-AEAA-A51BEB3720AD}.Debug|x86.ActiveCfg = Debug|Any CPU
		{C7C39819-7967-43C1-AEAA-A51BEB3720AD}.Debug|x86.Build.0 = Debug|Any CPU
		{C7C39819-7967-43C1-AEAA-A51BEB3720AD}.DebugMono|Any CPU.ActiveCfg = Debug|Any CPU
		{C7C39819-7967-43C1-AEAA-A51BEB3720AD}.DebugMono|Any CPU.Build.0 = Debug|Any CPU
		{C7C39819-7967-43C1-AEAA-A51BEB3720AD}.DebugMono|x86.ActiveCfg = Debug|Any CPU
		{C7C39819-7967-43C1-AEAA-A51BEB3720AD}.DebugMono|x86.Build.0 = Debug|Any CPU
		{C7C39819-7967-43C1-AEAA-A51BEB3720AD}.Documentation|Any CPU.ActiveCfg = Debug|Any CPU
		{C7C39819-7967-43C1-AEAA-A51BEB3720AD}.Documentation|Any CPU.Build.0 = Debug|Any CPU
		{C7C39819-7967-43C1-AEAA-A51BEB3720AD}.Documentation|x86.ActiveCfg = Debug|Any CPU
		{C7C39819-7967-43C1-AEAA-A51BEB3720AD}.Documentation|x86.Build.0 = Debug|Any CPU
		{C7C39819-7967-43C1-AEAA-A51BEB3720AD}.Nsis|Any CPU.ActiveCfg = Debug|Any CPU
		{C7C39819-7967-43C1-AEAA-A51BEB3720AD}.Nsis|Any CPU.Build.0 = Debug|Any CPU
		{C7C39819-7967-43C1-AEAA-A51BEB3720AD}.Nsis|x86.ActiveCfg = Release|Any CPU
		{C7C39819-7967-43C1-AEAA-A51BEB3720AD}.Nsis|x86.Build.0 = Release|Any CPU
		{C7C39819-7967-43C1-AEAA-A51BEB3720AD}.Release|Any CPU.ActiveCfg = Release|Any CPU
		{C7C39819-7967-43C1-AEAA-A51BEB3720AD}.Release|Any CPU.Build.0 = Release|Any CPU
		{C7C39819-7967-43C1-AEAA-A51BEB3720AD}.Release|x86.ActiveCfg = Release|Any CPU
		{C7C39819-7967-43C1-AEAA-A51BEB3720AD}.Release|x86.Build.0 = Release|Any CPU
		{C7C39819-7967-43C1-AEAA-A51BEB3720AD}.ReleaseMono|Any CPU.ActiveCfg = Debug|Any CPU
		{C7C39819-7967-43C1-AEAA-A51BEB3720AD}.ReleaseMono|Any CPU.Build.0 = Debug|Any CPU
		{C7C39819-7967-43C1-AEAA-A51BEB3720AD}.ReleaseMono|x86.ActiveCfg = Release|Any CPU
		{C7C39819-7967-43C1-AEAA-A51BEB3720AD}.ReleaseMono|x86.Build.0 = Release|Any CPU
	EndGlobalSection
	GlobalSection(SolutionProperties) = preSolution
		HideSolutionNode = FALSE
	EndGlobalSection
	GlobalSection(MonoDevelopProperties) = preSolution
		Policies = $0
		$0.DotNetNamingPolicy = $1
		$0.StandardHeader = $2
	EndGlobalSection
	GlobalSection(NestedProjects) = preSolution
		{C7C39819-7967-43C1-AEAA-A51BEB3720AD} = {0143BB0F-4621-4F35-A83C-168FE4C2833A}
		{22C6EB2E-25BD-4244-80AA-E142BDBD69E6} = {0143BB0F-4621-4F35-A83C-168FE4C2833A}
		{333D9862-F4CA-405F-85C0-FA26C45B3683} = {0143BB0F-4621-4F35-A83C-168FE4C2833A}
		{B767A6E1-2CEA-4D01-9E93-C23D3EBB3DDB} = {0143BB0F-4621-4F35-A83C-168FE4C2833A}
		{CED50765-1F3C-4771-B1F3-20E0E070E7B8} = {0143BB0F-4621-4F35-A83C-168FE4C2833A}
		{32AC4539-87A0-4E68-BCE8-FEA1D8D05062} = {0143BB0F-4621-4F35-A83C-168FE4C2833A}
		{00362684-FB0A-44FA-8EA5-9A8E3768DEC0} = {0143BB0F-4621-4F35-A83C-168FE4C2833A}
	EndGlobalSection
EndGlobal
