
Microsoft Visual Studio Solution File, Format Version 12.00
# Visual Studio 2012
Project("{FAE04EC0-301F-11D3-BF4B-00C04F79EFBC}") = "GServer", "GServer\GServer.csproj", "{CE033800-A1E8-4B64-A5B3-E83B32D459E0}"
EndProject
Project("{FAE04EC0-301F-11D3-BF4B-00C04F79EFBC}") = "LoginServer", "LoginServer\LoginServer.csproj", "{3508095A-DE0F-4FEA-8717-962D0388B5E4}"
EndProject
Project("{FAE04EC0-301F-11D3-BF4B-00C04F79EFBC}") = "UnitTester", "UnitTester\UnitTester.csproj", "{FEE62908-08BC-49B0-9E3D-642F39D3A689}"
EndProject
Project("{FAE04EC0-301F-11D3-BF4B-00C04F79EFBC}") = "XNet.Libs", "..\..\GameCore\XNet\XNet.Libs.csproj", "{32AC4539-87A0-4E68-BCE8-FEA1D8D05062}"
EndProject
Project("{FAE04EC0-301F-11D3-BF4B-00C04F79EFBC}") = "DbLinq", "..\..\..\DLinq\dblinq2007\src\DbLinq\DbLinq.csproj", "{7950197D-4122-49CB-9FD7-45E666BAFEC2}"
EndProject
Project("{FAE04EC0-301F-11D3-BF4B-00C04F79EFBC}") = "DbMetal", "..\..\..\DLinq\dblinq2007\src\DbMetal\DbMetal.csproj", "{363FF43D-C870-4423-BE50-DAED7793A6D1}"
EndProject
Project("{FAE04EC0-301F-11D3-BF4B-00C04F79EFBC}") = "DBContext", "DBContext\DBContext.csproj", "{7B0A453B-EE14-4CCC-9071-ACCAE087CAA7}"
EndProject
Project("{FAE04EC0-301F-11D3-BF4B-00C04F79EFBC}") = "DbLinq.MySql", "..\..\..\DLinq\dblinq2007\src\DbLinq.MySql\DbLinq.MySql.csproj", "{FA8D1068-3341-4956-BF94-54C6A816BD9E}"
EndProject
Project("{FAE04EC0-301F-11D3-BF4B-00C04F79EFBC}") = "ServerUtility", "ServerUtility\ServerUtility.csproj", "{00362684-FB0A-44FA-8EA5-9A8E3768DEC0}"
EndProject
Project("{FAE04EC0-301F-11D3-BF4B-00C04F79EFBC}") = "OpenTK", "..\..\..\openKt\opentk\Source\OpenTK\OpenTK.csproj", "{A37A7E14-0000-0000-0000-000000000000}"
EndProject
Project("{FAE04EC0-301F-11D3-BF4B-00C04F79EFBC}") = "MapServer", "MapServer\MapServer.csproj", "{82CECA50-8A36-4234-B7FF-701C11B29054}"
EndProject
Project("{FAE04EC0-301F-11D3-BF4B-00C04F79EFBC}") = "Proto", "..\..\GameCore\Proto\Proto.csproj", "{FC711886-821A-4F2F-984C-8BAAF260B7E8}"
EndProject
Global
	GlobalSection(SolutionConfigurationPlatforms) = preSolution
		Debug|x86 = Debug|x86
		Release|x86 = Release|x86
		ReleaseMono|Any CPU = ReleaseMono|Any CPU
		DebugMono|Any CPU = DebugMono|Any CPU
		Debug - Mono Strict|Any CPU = Debug - Mono Strict|Any CPU
		Documentation|Any CPU = Documentation|Any CPU
		Nsis|Any CPU = Nsis|Any CPU
	EndGlobalSection
	GlobalSection(ProjectConfigurationPlatforms) = postSolution
		{CE033800-A1E8-4B64-A5B3-E83B32D459E0}.Debug|x86.ActiveCfg = Debug|x86
		{CE033800-A1E8-4B64-A5B3-E83B32D459E0}.Debug|x86.Build.0 = Debug|x86
		{CE033800-A1E8-4B64-A5B3-E83B32D459E0}.Release|x86.ActiveCfg = Release|x86
		{CE033800-A1E8-4B64-A5B3-E83B32D459E0}.Release|x86.Build.0 = Release|x86
		{CE033800-A1E8-4B64-A5B3-E83B32D459E0}.ReleaseMono|Any CPU.ActiveCfg = Debug|x86
		{CE033800-A1E8-4B64-A5B3-E83B32D459E0}.ReleaseMono|Any CPU.Build.0 = Debug|x86
		{CE033800-A1E8-4B64-A5B3-E83B32D459E0}.DebugMono|Any CPU.ActiveCfg = Debug|x86
		{CE033800-A1E8-4B64-A5B3-E83B32D459E0}.DebugMono|Any CPU.Build.0 = Debug|x86
		{CE033800-A1E8-4B64-A5B3-E83B32D459E0}.Debug - Mono Strict|Any CPU.ActiveCfg = Debug|x86
		{CE033800-A1E8-4B64-A5B3-E83B32D459E0}.Debug - Mono Strict|Any CPU.Build.0 = Debug|x86
		{CE033800-A1E8-4B64-A5B3-E83B32D459E0}.Documentation|Any CPU.ActiveCfg = Debug|x86
		{CE033800-A1E8-4B64-A5B3-E83B32D459E0}.Documentation|Any CPU.Build.0 = Debug|x86
		{CE033800-A1E8-4B64-A5B3-E83B32D459E0}.Nsis|Any CPU.ActiveCfg = Debug|x86
		{CE033800-A1E8-4B64-A5B3-E83B32D459E0}.Nsis|Any CPU.Build.0 = Debug|x86
		{3508095A-DE0F-4FEA-8717-962D0388B5E4}.Debug|x86.ActiveCfg = Debug|x86
		{3508095A-DE0F-4FEA-8717-962D0388B5E4}.Debug|x86.Build.0 = Debug|x86
		{3508095A-DE0F-4FEA-8717-962D0388B5E4}.Release|x86.ActiveCfg = Release|x86
		{3508095A-DE0F-4FEA-8717-962D0388B5E4}.Release|x86.Build.0 = Release|x86
		{3508095A-DE0F-4FEA-8717-962D0388B5E4}.ReleaseMono|Any CPU.ActiveCfg = Debug|x86
		{3508095A-DE0F-4FEA-8717-962D0388B5E4}.ReleaseMono|Any CPU.Build.0 = Debug|x86
		{3508095A-DE0F-4FEA-8717-962D0388B5E4}.DebugMono|Any CPU.ActiveCfg = Debug|x86
		{3508095A-DE0F-4FEA-8717-962D0388B5E4}.DebugMono|Any CPU.Build.0 = Debug|x86
		{3508095A-DE0F-4FEA-8717-962D0388B5E4}.Debug - Mono Strict|Any CPU.ActiveCfg = Debug|x86
		{3508095A-DE0F-4FEA-8717-962D0388B5E4}.Debug - Mono Strict|Any CPU.Build.0 = Debug|x86
		{3508095A-DE0F-4FEA-8717-962D0388B5E4}.Documentation|Any CPU.ActiveCfg = Debug|x86
		{3508095A-DE0F-4FEA-8717-962D0388B5E4}.Documentation|Any CPU.Build.0 = Debug|x86
		{3508095A-DE0F-4FEA-8717-962D0388B5E4}.Nsis|Any CPU.ActiveCfg = Debug|x86
		{3508095A-DE0F-4FEA-8717-962D0388B5E4}.Nsis|Any CPU.Build.0 = Debug|x86
		{FEE62908-08BC-49B0-9E3D-642F39D3A689}.Debug|x86.ActiveCfg = Debug|x86
		{FEE62908-08BC-49B0-9E3D-642F39D3A689}.Debug|x86.Build.0 = Debug|x86
		{FEE62908-08BC-49B0-9E3D-642F39D3A689}.Release|x86.ActiveCfg = Release|x86
		{FEE62908-08BC-49B0-9E3D-642F39D3A689}.Release|x86.Build.0 = Release|x86
		{FEE62908-08BC-49B0-9E3D-642F39D3A689}.ReleaseMono|Any CPU.ActiveCfg = Debug|x86
		{FEE62908-08BC-49B0-9E3D-642F39D3A689}.ReleaseMono|Any CPU.Build.0 = Debug|x86
		{FEE62908-08BC-49B0-9E3D-642F39D3A689}.DebugMono|Any CPU.ActiveCfg = Debug|x86
		{FEE62908-08BC-49B0-9E3D-642F39D3A689}.DebugMono|Any CPU.Build.0 = Debug|x86
		{FEE62908-08BC-49B0-9E3D-642F39D3A689}.Debug - Mono Strict|Any CPU.ActiveCfg = Debug|x86
		{FEE62908-08BC-49B0-9E3D-642F39D3A689}.Debug - Mono Strict|Any CPU.Build.0 = Debug|x86
		{FEE62908-08BC-49B0-9E3D-642F39D3A689}.Documentation|Any CPU.ActiveCfg = Debug|x86
		{FEE62908-08BC-49B0-9E3D-642F39D3A689}.Documentation|Any CPU.Build.0 = Debug|x86
		{FEE62908-08BC-49B0-9E3D-642F39D3A689}.Nsis|Any CPU.ActiveCfg = Debug|x86
		{FEE62908-08BC-49B0-9E3D-642F39D3A689}.Nsis|Any CPU.Build.0 = Debug|x86
		{32AC4539-87A0-4E68-BCE8-FEA1D8D05062}.Debug|x86.ActiveCfg = Debug|Any CPU
		{32AC4539-87A0-4E68-BCE8-FEA1D8D05062}.Debug|x86.Build.0 = Debug|Any CPU
		{32AC4539-87A0-4E68-BCE8-FEA1D8D05062}.Release|x86.ActiveCfg = Release|Any CPU
		{32AC4539-87A0-4E68-BCE8-FEA1D8D05062}.Release|x86.Build.0 = Release|Any CPU
		{32AC4539-87A0-4E68-BCE8-FEA1D8D05062}.ReleaseMono|Any CPU.ActiveCfg = Debug|Any CPU
		{32AC4539-87A0-4E68-BCE8-FEA1D8D05062}.ReleaseMono|Any CPU.Build.0 = Debug|Any CPU
		{32AC4539-87A0-4E68-BCE8-FEA1D8D05062}.DebugMono|Any CPU.ActiveCfg = Debug|Any CPU
		{32AC4539-87A0-4E68-BCE8-FEA1D8D05062}.DebugMono|Any CPU.Build.0 = Debug|Any CPU
		{32AC4539-87A0-4E68-BCE8-FEA1D8D05062}.Debug - Mono Strict|Any CPU.ActiveCfg = Debug|Any CPU
		{32AC4539-87A0-4E68-BCE8-FEA1D8D05062}.Debug - Mono Strict|Any CPU.Build.0 = Debug|Any CPU
		{32AC4539-87A0-4E68-BCE8-FEA1D8D05062}.Documentation|Any CPU.ActiveCfg = Debug|Any CPU
		{32AC4539-87A0-4E68-BCE8-FEA1D8D05062}.Documentation|Any CPU.Build.0 = Debug|Any CPU
		{32AC4539-87A0-4E68-BCE8-FEA1D8D05062}.Nsis|Any CPU.ActiveCfg = Debug|Any CPU
		{32AC4539-87A0-4E68-BCE8-FEA1D8D05062}.Nsis|Any CPU.Build.0 = Debug|Any CPU
		{7950197D-4122-49CB-9FD7-45E666BAFEC2}.Debug|x86.ActiveCfg = Debug|Any CPU
		{7950197D-4122-49CB-9FD7-45E666BAFEC2}.Debug|x86.Build.0 = Debug|Any CPU
		{7950197D-4122-49CB-9FD7-45E666BAFEC2}.Release|x86.ActiveCfg = Release|Any CPU
		{7950197D-4122-49CB-9FD7-45E666BAFEC2}.Release|x86.Build.0 = Release|Any CPU
		{7950197D-4122-49CB-9FD7-45E666BAFEC2}.ReleaseMono|Any CPU.ActiveCfg = Debug|Any CPU
		{7950197D-4122-49CB-9FD7-45E666BAFEC2}.ReleaseMono|Any CPU.Build.0 = Debug|Any CPU
		{7950197D-4122-49CB-9FD7-45E666BAFEC2}.DebugMono|Any CPU.ActiveCfg = Debug|Any CPU
		{7950197D-4122-49CB-9FD7-45E666BAFEC2}.DebugMono|Any CPU.Build.0 = Debug|Any CPU
		{7950197D-4122-49CB-9FD7-45E666BAFEC2}.Debug - Mono Strict|Any CPU.ActiveCfg = Debug - Mono Strict|Any CPU
		{7950197D-4122-49CB-9FD7-45E666BAFEC2}.Debug - Mono Strict|Any CPU.Build.0 = Debug - Mono Strict|Any CPU
		{7950197D-4122-49CB-9FD7-45E666BAFEC2}.Documentation|Any CPU.ActiveCfg = Debug|Any CPU
		{7950197D-4122-49CB-9FD7-45E666BAFEC2}.Documentation|Any CPU.Build.0 = Debug|Any CPU
		{7950197D-4122-49CB-9FD7-45E666BAFEC2}.Nsis|Any CPU.ActiveCfg = Debug|Any CPU
		{7950197D-4122-49CB-9FD7-45E666BAFEC2}.Nsis|Any CPU.Build.0 = Debug|Any CPU
		{363FF43D-C870-4423-BE50-DAED7793A6D1}.Debug|x86.ActiveCfg = Debug|Any CPU
		{363FF43D-C870-4423-BE50-DAED7793A6D1}.Debug|x86.Build.0 = Debug|Any CPU
		{363FF43D-C870-4423-BE50-DAED7793A6D1}.Release|x86.ActiveCfg = Release|Any CPU
		{363FF43D-C870-4423-BE50-DAED7793A6D1}.Release|x86.Build.0 = Release|Any CPU
		{363FF43D-C870-4423-BE50-DAED7793A6D1}.ReleaseMono|Any CPU.ActiveCfg = Debug|Any CPU
		{363FF43D-C870-4423-BE50-DAED7793A6D1}.ReleaseMono|Any CPU.Build.0 = Debug|Any CPU
		{363FF43D-C870-4423-BE50-DAED7793A6D1}.DebugMono|Any CPU.ActiveCfg = Debug|Any CPU
		{363FF43D-C870-4423-BE50-DAED7793A6D1}.DebugMono|Any CPU.Build.0 = Debug|Any CPU
		{363FF43D-C870-4423-BE50-DAED7793A6D1}.Debug - Mono Strict|Any CPU.ActiveCfg = Debug|Any CPU
		{363FF43D-C870-4423-BE50-DAED7793A6D1}.Debug - Mono Strict|Any CPU.Build.0 = Debug|Any CPU
		{363FF43D-C870-4423-BE50-DAED7793A6D1}.Documentation|Any CPU.ActiveCfg = Debug|Any CPU
		{363FF43D-C870-4423-BE50-DAED7793A6D1}.Documentation|Any CPU.Build.0 = Debug|Any CPU
		{363FF43D-C870-4423-BE50-DAED7793A6D1}.Nsis|Any CPU.ActiveCfg = Debug|Any CPU
		{363FF43D-C870-4423-BE50-DAED7793A6D1}.Nsis|Any CPU.Build.0 = Debug|Any CPU
		{7B0A453B-EE14-4CCC-9071-ACCAE087CAA7}.Debug|x86.ActiveCfg = Debug|Any CPU
		{7B0A453B-EE14-4CCC-9071-ACCAE087CAA7}.Debug|x86.Build.0 = Debug|Any CPU
		{7B0A453B-EE14-4CCC-9071-ACCAE087CAA7}.Release|x86.ActiveCfg = Release|Any CPU
		{7B0A453B-EE14-4CCC-9071-ACCAE087CAA7}.Release|x86.Build.0 = Release|Any CPU
		{7B0A453B-EE14-4CCC-9071-ACCAE087CAA7}.ReleaseMono|Any CPU.ActiveCfg = Debug|Any CPU
		{7B0A453B-EE14-4CCC-9071-ACCAE087CAA7}.ReleaseMono|Any CPU.Build.0 = Debug|Any CPU
		{7B0A453B-EE14-4CCC-9071-ACCAE087CAA7}.DebugMono|Any CPU.ActiveCfg = Debug|Any CPU
		{7B0A453B-EE14-4CCC-9071-ACCAE087CAA7}.DebugMono|Any CPU.Build.0 = Debug|Any CPU
		{7B0A453B-EE14-4CCC-9071-ACCAE087CAA7}.Debug - Mono Strict|Any CPU.ActiveCfg = Debug|Any CPU
		{7B0A453B-EE14-4CCC-9071-ACCAE087CAA7}.Debug - Mono Strict|Any CPU.Build.0 = Debug|Any CPU
		{7B0A453B-EE14-4CCC-9071-ACCAE087CAA7}.Documentation|Any CPU.ActiveCfg = Debug|Any CPU
		{7B0A453B-EE14-4CCC-9071-ACCAE087CAA7}.Documentation|Any CPU.Build.0 = Debug|Any CPU
		{7B0A453B-EE14-4CCC-9071-ACCAE087CAA7}.Nsis|Any CPU.ActiveCfg = Debug|Any CPU
		{7B0A453B-EE14-4CCC-9071-ACCAE087CAA7}.Nsis|Any CPU.Build.0 = Debug|Any CPU
		{FA8D1068-3341-4956-BF94-54C6A816BD9E}.Debug|x86.ActiveCfg = Debug|Any CPU
		{FA8D1068-3341-4956-BF94-54C6A816BD9E}.Debug|x86.Build.0 = Debug|Any CPU
		{FA8D1068-3341-4956-BF94-54C6A816BD9E}.Release|x86.ActiveCfg = Release|Any CPU
		{FA8D1068-3341-4956-BF94-54C6A816BD9E}.Release|x86.Build.0 = Release|Any CPU
		{FA8D1068-3341-4956-BF94-54C6A816BD9E}.ReleaseMono|Any CPU.ActiveCfg = Debug|Any CPU
		{FA8D1068-3341-4956-BF94-54C6A816BD9E}.ReleaseMono|Any CPU.Build.0 = Debug|Any CPU
		{FA8D1068-3341-4956-BF94-54C6A816BD9E}.DebugMono|Any CPU.ActiveCfg = Debug|Any CPU
		{FA8D1068-3341-4956-BF94-54C6A816BD9E}.DebugMono|Any CPU.Build.0 = Debug|Any CPU
		{FA8D1068-3341-4956-BF94-54C6A816BD9E}.Debug - Mono Strict|Any CPU.ActiveCfg = Debug|Any CPU
		{FA8D1068-3341-4956-BF94-54C6A816BD9E}.Debug - Mono Strict|Any CPU.Build.0 = Debug|Any CPU
		{FA8D1068-3341-4956-BF94-54C6A816BD9E}.Documentation|Any CPU.ActiveCfg = Debug|Any CPU
		{FA8D1068-3341-4956-BF94-54C6A816BD9E}.Documentation|Any CPU.Build.0 = Debug|Any CPU
		{FA8D1068-3341-4956-BF94-54C6A816BD9E}.Nsis|Any CPU.ActiveCfg = Debug|Any CPU
		{FA8D1068-3341-4956-BF94-54C6A816BD9E}.Nsis|Any CPU.Build.0 = Debug|Any CPU
		{00362684-FB0A-44FA-8EA5-9A8E3768DEC0}.Debug|x86.ActiveCfg = Debug|Any CPU
		{00362684-FB0A-44FA-8EA5-9A8E3768DEC0}.Debug|x86.Build.0 = Debug|Any CPU
		{00362684-FB0A-44FA-8EA5-9A8E3768DEC0}.Release|x86.ActiveCfg = Release|Any CPU
		{00362684-FB0A-44FA-8EA5-9A8E3768DEC0}.Release|x86.Build.0 = Release|Any CPU
		{00362684-FB0A-44FA-8EA5-9A8E3768DEC0}.ReleaseMono|Any CPU.ActiveCfg = Debug|Any CPU
		{00362684-FB0A-44FA-8EA5-9A8E3768DEC0}.ReleaseMono|Any CPU.Build.0 = Debug|Any CPU
		{00362684-FB0A-44FA-8EA5-9A8E3768DEC0}.DebugMono|Any CPU.ActiveCfg = Debug|Any CPU
		{00362684-FB0A-44FA-8EA5-9A8E3768DEC0}.DebugMono|Any CPU.Build.0 = Debug|Any CPU
		{00362684-FB0A-44FA-8EA5-9A8E3768DEC0}.Debug - Mono Strict|Any CPU.ActiveCfg = Debug|Any CPU
		{00362684-FB0A-44FA-8EA5-9A8E3768DEC0}.Debug - Mono Strict|Any CPU.Build.0 = Debug|Any CPU
		{00362684-FB0A-44FA-8EA5-9A8E3768DEC0}.Documentation|Any CPU.ActiveCfg = Debug|Any CPU
		{00362684-FB0A-44FA-8EA5-9A8E3768DEC0}.Documentation|Any CPU.Build.0 = Debug|Any CPU
		{00362684-FB0A-44FA-8EA5-9A8E3768DEC0}.Nsis|Any CPU.ActiveCfg = Debug|Any CPU
		{00362684-FB0A-44FA-8EA5-9A8E3768DEC0}.Nsis|Any CPU.Build.0 = Debug|Any CPU
		{A37A7E14-0000-0000-0000-000000000000}.Debug|x86.ActiveCfg = Debug|Any CPU
		{A37A7E14-0000-0000-0000-000000000000}.Debug|x86.Build.0 = Debug|Any CPU
		{A37A7E14-0000-0000-0000-000000000000}.Release|x86.ActiveCfg = Release|Any CPU
		{A37A7E14-0000-0000-0000-000000000000}.Release|x86.Build.0 = Release|Any CPU
		{A37A7E14-0000-0000-0000-000000000000}.ReleaseMono|Any CPU.ActiveCfg = Debug|Any CPU
		{A37A7E14-0000-0000-0000-000000000000}.ReleaseMono|Any CPU.Build.0 = Debug|Any CPU
		{A37A7E14-0000-0000-0000-000000000000}.DebugMono|Any CPU.ActiveCfg = Debug|Any CPU
		{A37A7E14-0000-0000-0000-000000000000}.DebugMono|Any CPU.Build.0 = Debug|Any CPU
		{A37A7E14-0000-0000-0000-000000000000}.Debug - Mono Strict|Any CPU.ActiveCfg = Debug|Any CPU
		{A37A7E14-0000-0000-0000-000000000000}.Debug - Mono Strict|Any CPU.Build.0 = Debug|Any CPU
		{A37A7E14-0000-0000-0000-000000000000}.Documentation|Any CPU.ActiveCfg = Documentation|Any CPU
		{A37A7E14-0000-0000-0000-000000000000}.Documentation|Any CPU.Build.0 = Documentation|Any CPU
		{A37A7E14-0000-0000-0000-000000000000}.Nsis|Any CPU.ActiveCfg = Nsis|Any CPU
		{A37A7E14-0000-0000-0000-000000000000}.Nsis|Any CPU.Build.0 = Nsis|Any CPU
		{82CECA50-8A36-4234-B7FF-701C11B29054}.Debug|x86.ActiveCfg = Debug|x86
		{82CECA50-8A36-4234-B7FF-701C11B29054}.Debug|x86.Build.0 = Debug|x86
		{82CECA50-8A36-4234-B7FF-701C11B29054}.Release|x86.ActiveCfg = Release|x86
		{82CECA50-8A36-4234-B7FF-701C11B29054}.Release|x86.Build.0 = Release|x86
		{82CECA50-8A36-4234-B7FF-701C11B29054}.ReleaseMono|Any CPU.ActiveCfg = Debug|x86
		{82CECA50-8A36-4234-B7FF-701C11B29054}.ReleaseMono|Any CPU.Build.0 = Debug|x86
		{82CECA50-8A36-4234-B7FF-701C11B29054}.DebugMono|Any CPU.ActiveCfg = Debug|x86
		{82CECA50-8A36-4234-B7FF-701C11B29054}.DebugMono|Any CPU.Build.0 = Debug|x86
		{82CECA50-8A36-4234-B7FF-701C11B29054}.Debug - Mono Strict|Any CPU.ActiveCfg = Debug|x86
		{82CECA50-8A36-4234-B7FF-701C11B29054}.Debug - Mono Strict|Any CPU.Build.0 = Debug|x86
		{82CECA50-8A36-4234-B7FF-701C11B29054}.Documentation|Any CPU.ActiveCfg = Debug|x86
		{82CECA50-8A36-4234-B7FF-701C11B29054}.Documentation|Any CPU.Build.0 = Debug|x86
		{82CECA50-8A36-4234-B7FF-701C11B29054}.Nsis|Any CPU.ActiveCfg = Debug|x86
		{82CECA50-8A36-4234-B7FF-701C11B29054}.Nsis|Any CPU.Build.0 = Debug|x86
		{FC711886-821A-4F2F-984C-8BAAF260B7E8}.Debug|x86.ActiveCfg = Debug|Any CPU
		{FC711886-821A-4F2F-984C-8BAAF260B7E8}.Debug|x86.Build.0 = Debug|Any CPU
		{FC711886-821A-4F2F-984C-8BAAF260B7E8}.Release|x86.ActiveCfg = Release|Any CPU
		{FC711886-821A-4F2F-984C-8BAAF260B7E8}.Release|x86.Build.0 = Release|Any CPU
		{FC711886-821A-4F2F-984C-8BAAF260B7E8}.ReleaseMono|Any CPU.ActiveCfg = Debug|Any CPU
		{FC711886-821A-4F2F-984C-8BAAF260B7E8}.ReleaseMono|Any CPU.Build.0 = Debug|Any CPU
		{FC711886-821A-4F2F-984C-8BAAF260B7E8}.DebugMono|Any CPU.ActiveCfg = Debug|Any CPU
		{FC711886-821A-4F2F-984C-8BAAF260B7E8}.DebugMono|Any CPU.Build.0 = Debug|Any CPU
		{FC711886-821A-4F2F-984C-8BAAF260B7E8}.Debug - Mono Strict|Any CPU.ActiveCfg = Debug|Any CPU
		{FC711886-821A-4F2F-984C-8BAAF260B7E8}.Debug - Mono Strict|Any CPU.Build.0 = Debug|Any CPU
		{FC711886-821A-4F2F-984C-8BAAF260B7E8}.Documentation|Any CPU.ActiveCfg = Debug|Any CPU
		{FC711886-821A-4F2F-984C-8BAAF260B7E8}.Documentation|Any CPU.Build.0 = Debug|Any CPU
		{FC711886-821A-4F2F-984C-8BAAF260B7E8}.Nsis|Any CPU.ActiveCfg = Debug|Any CPU
		{FC711886-821A-4F2F-984C-8BAAF260B7E8}.Nsis|Any CPU.Build.0 = Debug|Any CPU
	EndGlobalSection
	GlobalSection(MonoDevelopProperties) = preSolution
		Policies = $0
		$0.DotNetNamingPolicy = $1
		$1.DirectoryNamespaceAssociation = None
		$1.ResourceNamePolicy = FileFormatDefault
		$0.StandardHeader = $2
		$2.Text = 
		$2.IncludeInNewFiles = True
	EndGlobalSection
EndGlobal
