Microsoft Visual Studio Solution File, Format Version 12.00
# Visual Studio 15
VisualStudioVersion = 15.0.26228.9
MinimumVisualStudioVersion = 10.0.40219.1
Project("{FAE04EC0-301F-11D3-BF4B-00C04F79EFBC}") = "LoginServer", "LoginServer\LoginServer.csproj", "{3508095A-DE0F-4FEA-8717-962D0388B5E4}"
EndProject
Project("{FAE04EC0-301F-11D3-BF4B-00C04F79EFBC}") = "ServerUtility", "ServerUtility\ServerUtility.csproj", "{00362684-FB0A-44FA-8EA5-9A8E3768DEC0}"
EndProject
Project("{2150E333-8FDC-42A3-9474-1A3956D46DE8}") = "Libiray", "Libiray", "{0143BB0F-4621-4F35-A83C-168FE4C2833A}"
EndProject
Project("{FAE04EC0-301F-11D3-BF4B-00C04F79EFBC}") = "XNet.Libs", "..\..\GameCore\XNet\XNet.Libs.csproj", "{015D6682-10EE-4B67-968C-85D4D0C14E89}"
EndProject
Project("{FAE04EC0-301F-11D3-BF4B-00C04F79EFBC}") = "GateServer", "GServer\GateServer.csproj", "{41B3C7CD-BAA4-4603-A948-E406EC729A61}"
EndProject
Project("{FAE04EC0-301F-11D3-BF4B-00C04F79EFBC}") = "Json", "..\..\PublicTools\toolssrc\JSON\Json.csproj", "{6219C81E-5A59-4C7A-8653-70324C52DFB7}"
EndProject
Project("{FAE04EC0-301F-11D3-BF4B-00C04F79EFBC}") = "ServerUnitTest", "ServerUnitTest\ServerUnitTest.csproj", "{8FC266EF-43EC-4F39-92A2-A743EDD7BB0F}"
EndProject
Global
	GlobalSection(SolutionConfigurationPlatforms) = preSolution
		Debug - Mono Strict|Any CPU = Debug - Mono Strict|Any CPU
		Debug - Mono Strict|x86 = Debug - Mono Strict|x86
		Debug|Any CPU = Debug|Any CPU
		Debug|x86 = Debug|x86
		DebugMono|Any CPU = DebugMono|Any CPU
		DebugMono|x86 = DebugMono|x86
		Documentation|Any CPU = Documentation|Any CPU
		Documentation|x86 = Documentation|x86
		Nsis|Any CPU = Nsis|Any CPU
		Nsis|x86 = Nsis|x86
		Release|Any CPU = Release|Any CPU
		Release|x86 = Release|x86
		ReleaseMono|Any CPU = ReleaseMono|Any CPU
		ReleaseMono|x86 = ReleaseMono|x86
	EndGlobalSection
	GlobalSection(ProjectConfigurationPlatforms) = postSolution
		{3508095A-DE0F-4FEA-8717-962D0388B5E4}.Debug - Mono Strict|Any CPU.ActiveCfg = Debug|Any CPU
		{3508095A-DE0F-4FEA-8717-962D0388B5E4}.Debug - Mono Strict|Any CPU.Build.0 = Debug|Any CPU
		{3508095A-DE0F-4FEA-8717-962D0388B5E4}.Debug - Mono Strict|x86.ActiveCfg = Debug|x86
		{3508095A-DE0F-4FEA-8717-962D0388B5E4}.Debug - Mono Strict|x86.Build.0 = Debug|x86
		{3508095A-DE0F-4FEA-8717-962D0388B5E4}.Debug|Any CPU.ActiveCfg = Debug|Any CPU
		{3508095A-DE0F-4FEA-8717-962D0388B5E4}.Debug|x86.ActiveCfg = Debug|x86
		{3508095A-DE0F-4FEA-8717-962D0388B5E4}.Debug|x86.Build.0 = Debug|x86
		{3508095A-DE0F-4FEA-8717-962D0388B5E4}.DebugMono|Any CPU.ActiveCfg = Debug|Any CPU
		{3508095A-DE0F-4FEA-8717-962D0388B5E4}.DebugMono|Any CPU.Build.0 = Debug|Any CPU
		{3508095A-DE0F-4FEA-8717-962D0388B5E4}.DebugMono|x86.ActiveCfg = Debug|x86
		{3508095A-DE0F-4FEA-8717-962D0388B5E4}.DebugMono|x86.Build.0 = Debug|x86
		{3508095A-DE0F-4FEA-8717-962D0388B5E4}.Documentation|Any CPU.ActiveCfg = Debug|x86
		{3508095A-DE0F-4FEA-8717-962D0388B5E4}.Documentation|Any CPU.Build.0 = Debug|x86
		{3508095A-DE0F-4FEA-8717-962D0388B5E4}.Documentation|x86.ActiveCfg = Debug|x86
		{3508095A-DE0F-4FEA-8717-962D0388B5E4}.Documentation|x86.Build.0 = Debug|x86
		{3508095A-DE0F-4FEA-8717-962D0388B5E4}.Nsis|Any CPU.ActiveCfg = Debug|x86
		{3508095A-DE0F-4FEA-8717-962D0388B5E4}.Nsis|Any CPU.Build.0 = Debug|x86
		{3508095A-DE0F-4FEA-8717-962D0388B5E4}.Nsis|x86.ActiveCfg = Release|x86
		{3508095A-DE0F-4FEA-8717-962D0388B5E4}.Nsis|x86.Build.0 = Release|x86
		{3508095A-DE0F-4FEA-8717-962D0388B5E4}.Release|Any CPU.ActiveCfg = Release|x86
		{3508095A-DE0F-4FEA-8717-962D0388B5E4}.Release|x86.ActiveCfg = Release|x86
		{3508095A-DE0F-4FEA-8717-962D0388B5E4}.Release|x86.Build.0 = Release|x86
		{3508095A-DE0F-4FEA-8717-962D0388B5E4}.ReleaseMono|Any CPU.ActiveCfg = Debug|x86
		{3508095A-DE0F-4FEA-8717-962D0388B5E4}.ReleaseMono|Any CPU.Build.0 = Debug|x86
		{3508095A-DE0F-4FEA-8717-962D0388B5E4}.ReleaseMono|x86.ActiveCfg = Release|x86
		{3508095A-DE0F-4FEA-8717-962D0388B5E4}.ReleaseMono|x86.Build.0 = Release|x86
		{3508095A-DE0F-4FEA-8717-962D0388B5E4}.Debug|Any CPU.Build.0 = Debug|Any CPU
		{00362684-FB0A-44FA-8EA5-9A8E3768DEC0}.Debug - Mono Strict|Any CPU.ActiveCfg = Debug|Any CPU
		{00362684-FB0A-44FA-8EA5-9A8E3768DEC0}.Debug - Mono Strict|Any CPU.Build.0 = Debug|Any CPU
		{00362684-FB0A-44FA-8EA5-9A8E3768DEC0}.Debug - Mono Strict|x86.ActiveCfg = Debug|Any CPU
		{00362684-FB0A-44FA-8EA5-9A8E3768DEC0}.Debug - Mono Strict|x86.Build.0 = Debug|Any CPU
		{00362684-FB0A-44FA-8EA5-9A8E3768DEC0}.Debug|Any CPU.ActiveCfg = Debug|Any CPU
		{00362684-FB0A-44FA-8EA5-9A8E3768DEC0}.Debug|Any CPU.Build.0 = Debug|Any CPU
		{00362684-FB0A-44FA-8EA5-9A8E3768DEC0}.Debug|x86.ActiveCfg = Debug|Any CPU
		{00362684-FB0A-44FA-8EA5-9A8E3768DEC0}.Debug|x86.Build.0 = Debug|Any CPU
		{00362684-FB0A-44FA-8EA5-9A8E3768DEC0}.DebugMono|Any CPU.ActiveCfg = Debug|Any CPU
		{00362684-FB0A-44FA-8EA5-9A8E3768DEC0}.DebugMono|Any CPU.Build.0 = Debug|Any CPU
		{00362684-FB0A-44FA-8EA5-9A8E3768DEC0}.DebugMono|x86.ActiveCfg = Debug|Any CPU
		{00362684-FB0A-44FA-8EA5-9A8E3768DEC0}.DebugMono|x86.Build.0 = Debug|Any CPU
		{00362684-FB0A-44FA-8EA5-9A8E3768DEC0}.Documentation|Any CPU.ActiveCfg = Debug|Any CPU
		{00362684-FB0A-44FA-8EA5-9A8E3768DEC0}.Documentation|Any CPU.Build.0 = Debug|Any CPU
		{00362684-FB0A-44FA-8EA5-9A8E3768DEC0}.Documentation|x86.ActiveCfg = Debug|Any CPU
		{00362684-FB0A-44FA-8EA5-9A8E3768DEC0}.Documentation|x86.Build.0 = Debug|Any CPU
		{00362684-FB0A-44FA-8EA5-9A8E3768DEC0}.Nsis|Any CPU.ActiveCfg = Debug|Any CPU
		{00362684-FB0A-44FA-8EA5-9A8E3768DEC0}.Nsis|Any CPU.Build.0 = Debug|Any CPU
		{00362684-FB0A-44FA-8EA5-9A8E3768DEC0}.Nsis|x86.ActiveCfg = Release|Any CPU
		{00362684-FB0A-44FA-8EA5-9A8E3768DEC0}.Nsis|x86.Build.0 = Release|Any CPU
		{00362684-FB0A-44FA-8EA5-9A8E3768DEC0}.Release|Any CPU.ActiveCfg = Release|Any CPU
		{00362684-FB0A-44FA-8EA5-9A8E3768DEC0}.Release|Any CPU.Build.0 = Release|Any CPU
		{00362684-FB0A-44FA-8EA5-9A8E3768DEC0}.Release|x86.ActiveCfg = Release|Any CPU
		{00362684-FB0A-44FA-8EA5-9A8E3768DEC0}.Release|x86.Build.0 = Release|Any CPU
		{00362684-FB0A-44FA-8EA5-9A8E3768DEC0}.ReleaseMono|Any CPU.ActiveCfg = Debug|Any CPU
		{00362684-FB0A-44FA-8EA5-9A8E3768DEC0}.ReleaseMono|Any CPU.Build.0 = Debug|Any CPU
		{00362684-FB0A-44FA-8EA5-9A8E3768DEC0}.ReleaseMono|x86.ActiveCfg = Release|Any CPU
		{00362684-FB0A-44FA-8EA5-9A8E3768DEC0}.ReleaseMono|x86.Build.0 = Release|Any CPU
		{015D6682-10EE-4B67-968C-85D4D0C14E89}.Debug - Mono Strict|Any CPU.ActiveCfg = Debug|Any CPU
		{015D6682-10EE-4B67-968C-85D4D0C14E89}.Debug - Mono Strict|Any CPU.Build.0 = Debug|Any CPU
		{015D6682-10EE-4B67-968C-85D4D0C14E89}.Debug|Any CPU.ActiveCfg = Debug|Any CPU
		{015D6682-10EE-4B67-968C-85D4D0C14E89}.Debug|Any CPU.Build.0 = Debug|Any CPU
		{015D6682-10EE-4B67-968C-85D4D0C14E89}.DebugMono|Any CPU.ActiveCfg = Debug|Any CPU
		{015D6682-10EE-4B67-968C-85D4D0C14E89}.DebugMono|Any CPU.Build.0 = Debug|Any CPU
		{41B3C7CD-BAA4-4603-A948-E406EC729A61}.Debug - Mono Strict|Any CPU.ActiveCfg = Debug|Any CPU
		{41B3C7CD-BAA4-4603-A948-E406EC729A61}.Debug - Mono Strict|Any CPU.Build.0 = Debug|Any CPU
		{41B3C7CD-BAA4-4603-A948-E406EC729A61}.Debug - Mono Strict|x86.ActiveCfg = Debug|x86
		{41B3C7CD-BAA4-4603-A948-E406EC729A61}.Debug - Mono Strict|x86.Build.0 = Debug|x86
		{41B3C7CD-BAA4-4603-A948-E406EC729A61}.Debug|Any CPU.ActiveCfg = Debug|Any CPU
		{41B3C7CD-BAA4-4603-A948-E406EC729A61}.Debug|Any CPU.Build.0 = Debug|Any CPU
		{41B3C7CD-BAA4-4603-A948-E406EC729A61}.Debug|x86.ActiveCfg = Debug|x86
		{41B3C7CD-BAA4-4603-A948-E406EC729A61}.Debug|x86.Build.0 = Debug|x86
		{41B3C7CD-BAA4-4603-A948-E406EC729A61}.DebugMono|Any CPU.ActiveCfg = Debug|x86
		{41B3C7CD-BAA4-4603-A948-E406EC729A61}.DebugMono|Any CPU.Build.0 = Debug|x86
		{41B3C7CD-BAA4-4603-A948-E406EC729A61}.DebugMono|x86.ActiveCfg = Debug|x86
		{41B3C7CD-BAA4-4603-A948-E406EC729A61}.DebugMono|x86.Build.0 = Debug|x86
		{41B3C7CD-BAA4-4603-A948-E406EC729A61}.Documentation|Any CPU.ActiveCfg = Debug|x86
		{41B3C7CD-BAA4-4603-A948-E406EC729A61}.Documentation|Any CPU.Build.0 = Debug|x86
		{41B3C7CD-BAA4-4603-A948-E406EC729A61}.Documentation|x86.ActiveCfg = Debug|x86
		{41B3C7CD-BAA4-4603-A948-E406EC729A61}.Documentation|x86.Build.0 = Debug|x86
		{41B3C7CD-BAA4-4603-A948-E406EC729A61}.Nsis|Any CPU.ActiveCfg = Debug|x86
		{41B3C7CD-BAA4-4603-A948-E406EC729A61}.Nsis|Any CPU.Build.0 = Debug|x86
		{41B3C7CD-BAA4-4603-A948-E406EC729A61}.Nsis|x86.ActiveCfg = Release|x86
		{41B3C7CD-BAA4-4603-A948-E406EC729A61}.Nsis|x86.Build.0 = Release|x86
		{41B3C7CD-BAA4-4603-A948-E406EC729A61}.Release|Any CPU.ActiveCfg = Release|x86
		{41B3C7CD-BAA4-4603-A948-E406EC729A61}.Release|x86.ActiveCfg = Release|x86
		{41B3C7CD-BAA4-4603-A948-E406EC729A61}.Release|x86.Build.0 = Release|x86
		{41B3C7CD-BAA4-4603-A948-E406EC729A61}.ReleaseMono|Any CPU.ActiveCfg = Debug|x86
		{41B3C7CD-BAA4-4603-A948-E406EC729A61}.ReleaseMono|Any CPU.Build.0 = Debug|x86
		{41B3C7CD-BAA4-4603-A948-E406EC729A61}.ReleaseMono|x86.ActiveCfg = Release|x86
		{41B3C7CD-BAA4-4603-A948-E406EC729A61}.ReleaseMono|x86.Build.0 = Release|x86
		{6219C81E-5A59-4C7A-8653-70324C52DFB7}.Debug - Mono Strict|Any CPU.ActiveCfg = Debug|Any CPU
		{6219C81E-5A59-4C7A-8653-70324C52DFB7}.Debug - Mono Strict|Any CPU.Build.0 = Debug|Any CPU
		{6219C81E-5A59-4C7A-8653-70324C52DFB7}.Debug - Mono Strict|x86.ActiveCfg = Debug|Any CPU
		{6219C81E-5A59-4C7A-8653-70324C52DFB7}.Debug - Mono Strict|x86.Build.0 = Debug|Any CPU
		{6219C81E-5A59-4C7A-8653-70324C52DFB7}.Debug|Any CPU.ActiveCfg = Debug|Any CPU
		{6219C81E-5A59-4C7A-8653-70324C52DFB7}.Debug|Any CPU.Build.0 = Debug|Any CPU
		{6219C81E-5A59-4C7A-8653-70324C52DFB7}.Debug|x86.ActiveCfg = Debug|Any CPU
		{6219C81E-5A59-4C7A-8653-70324C52DFB7}.Debug|x86.Build.0 = Debug|Any CPU
		{6219C81E-5A59-4C7A-8653-70324C52DFB7}.DebugMono|Any CPU.ActiveCfg = Debug|Any CPU
		{6219C81E-5A59-4C7A-8653-70324C52DFB7}.DebugMono|Any CPU.Build.0 = Debug|Any CPU
		{6219C81E-5A59-4C7A-8653-70324C52DFB7}.DebugMono|x86.ActiveCfg = Debug|Any CPU
		{6219C81E-5A59-4C7A-8653-70324C52DFB7}.DebugMono|x86.Build.0 = Debug|Any CPU
		{6219C81E-5A59-4C7A-8653-70324C52DFB7}.Documentation|Any CPU.ActiveCfg = Debug|Any CPU
		{6219C81E-5A59-4C7A-8653-70324C52DFB7}.Documentation|Any CPU.Build.0 = Debug|Any CPU
		{6219C81E-5A59-4C7A-8653-70324C52DFB7}.Documentation|x86.ActiveCfg = Debug|Any CPU
		{6219C81E-5A59-4C7A-8653-70324C52DFB7}.Documentation|x86.Build.0 = Debug|Any CPU
		{6219C81E-5A59-4C7A-8653-70324C52DFB7}.Nsis|Any CPU.ActiveCfg = Debug|Any CPU
		{6219C81E-5A59-4C7A-8653-70324C52DFB7}.Nsis|Any CPU.Build.0 = Debug|Any CPU
		{6219C81E-5A59-4C7A-8653-70324C52DFB7}.Nsis|x86.ActiveCfg = Release|Any CPU
		{6219C81E-5A59-4C7A-8653-70324C52DFB7}.Nsis|x86.Build.0 = Release|Any CPU
		{6219C81E-5A59-4C7A-8653-70324C52DFB7}.Release|Any CPU.ActiveCfg = Release|Any CPU
		{6219C81E-5A59-4C7A-8653-70324C52DFB7}.Release|Any CPU.Build.0 = Release|Any CPU
		{6219C81E-5A59-4C7A-8653-70324C52DFB7}.Release|x86.ActiveCfg = Release|Any CPU
		{6219C81E-5A59-4C7A-8653-70324C52DFB7}.Release|x86.Build.0 = Release|Any CPU
		{6219C81E-5A59-4C7A-8653-70324C52DFB7}.ReleaseMono|Any CPU.ActiveCfg = Debug|Any CPU
		{6219C81E-5A59-4C7A-8653-70324C52DFB7}.ReleaseMono|Any CPU.Build.0 = Debug|Any CPU
		{6219C81E-5A59-4C7A-8653-70324C52DFB7}.ReleaseMono|x86.ActiveCfg = Release|Any CPU
		{6219C81E-5A59-4C7A-8653-70324C52DFB7}.ReleaseMono|x86.Build.0 = Release|Any CPU
		{8FC266EF-43EC-4F39-92A2-A743EDD7BB0F}.Debug - Mono Strict|Any CPU.ActiveCfg = Debug|Any CPU
		{8FC266EF-43EC-4F39-92A2-A743EDD7BB0F}.Debug - Mono Strict|Any CPU.Build.0 = Debug|Any CPU
		{8FC266EF-43EC-4F39-92A2-A743EDD7BB0F}.Debug - Mono Strict|x86.ActiveCfg = Debug|Any CPU
		{8FC266EF-43EC-4F39-92A2-A743EDD7BB0F}.Debug - Mono Strict|x86.Build.0 = Debug|Any CPU
		{8FC266EF-43EC-4F39-92A2-A743EDD7BB0F}.Debug|Any CPU.ActiveCfg = Debug|Any CPU
		{8FC266EF-43EC-4F39-92A2-A743EDD7BB0F}.Debug|Any CPU.Build.0 = Debug|Any CPU
		{8FC266EF-43EC-4F39-92A2-A743EDD7BB0F}.Debug|x86.ActiveCfg = Debug|Any CPU
		{8FC266EF-43EC-4F39-92A2-A743EDD7BB0F}.Debug|x86.Build.0 = Debug|Any CPU
		{8FC266EF-43EC-4F39-92A2-A743EDD7BB0F}.DebugMono|Any CPU.ActiveCfg = Debug|Any CPU
		{8FC266EF-43EC-4F39-92A2-A743EDD7BB0F}.DebugMono|Any CPU.Build.0 = Debug|Any CPU
		{8FC266EF-43EC-4F39-92A2-A743EDD7BB0F}.DebugMono|x86.ActiveCfg = Debug|Any CPU
		{8FC266EF-43EC-4F39-92A2-A743EDD7BB0F}.DebugMono|x86.Build.0 = Debug|Any CPU
		{8FC266EF-43EC-4F39-92A2-A743EDD7BB0F}.Documentation|Any CPU.ActiveCfg = Debug|Any CPU
		{8FC266EF-43EC-4F39-92A2-A743EDD7BB0F}.Documentation|Any CPU.Build.0 = Debug|Any CPU
		{8FC266EF-43EC-4F39-92A2-A743EDD7BB0F}.Documentation|x86.ActiveCfg = Debug|Any CPU
		{8FC266EF-43EC-4F39-92A2-A743EDD7BB0F}.Documentation|x86.Build.0 = Debug|Any CPU
		{8FC266EF-43EC-4F39-92A2-A743EDD7BB0F}.Nsis|Any CPU.ActiveCfg = Debug|Any CPU
		{8FC266EF-43EC-4F39-92A2-A743EDD7BB0F}.Nsis|Any CPU.Build.0 = Debug|Any CPU
		{8FC266EF-43EC-4F39-92A2-A743EDD7BB0F}.Nsis|x86.ActiveCfg = Release|Any CPU
		{8FC266EF-43EC-4F39-92A2-A743EDD7BB0F}.Nsis|x86.Build.0 = Release|Any CPU
		{8FC266EF-43EC-4F39-92A2-A743EDD7BB0F}.Release|Any CPU.ActiveCfg = Release|Any CPU
		{8FC266EF-43EC-4F39-92A2-A743EDD7BB0F}.Release|Any CPU.Build.0 = Release|Any CPU
		{8FC266EF-43EC-4F39-92A2-A743EDD7BB0F}.Release|x86.ActiveCfg = Release|Any CPU
		{8FC266EF-43EC-4F39-92A2-A743EDD7BB0F}.Release|x86.Build.0 = Release|Any CPU
		{8FC266EF-43EC-4F39-92A2-A743EDD7BB0F}.ReleaseMono|Any CPU.ActiveCfg = Debug|Any CPU
		{8FC266EF-43EC-4F39-92A2-A743EDD7BB0F}.ReleaseMono|Any CPU.Build.0 = Debug|Any CPU
		{8FC266EF-43EC-4F39-92A2-A743EDD7BB0F}.ReleaseMono|x86.ActiveCfg = Release|Any CPU
		{8FC266EF-43EC-4F39-92A2-A743EDD7BB0F}.ReleaseMono|x86.Build.0 = Release|Any CPU
	EndGlobalSection
	GlobalSection(SolutionProperties) = preSolution
		HideSolutionNode = FALSE
	EndGlobalSection
	GlobalSection(MonoDevelopProperties) = preSolution
		Policies = $0
		$0.DotNetNamingPolicy = $1
		$1.DirectoryNamespaceAssociation = Hierarchical
		$0.StandardHeader = $2
		$0.VersionControlPolicy = $3
	EndGlobalSection
	GlobalSection(NestedProjects) = preSolution
		{00362684-FB0A-44FA-8EA5-9A8E3768DEC0} = {0143BB0F-4621-4F35-A83C-168FE4C2833A}
		{015D6682-10EE-4B67-968C-85D4D0C14E89} = {0143BB0F-4621-4F35-A83C-168FE4C2833A}
		{6219C81E-5A59-4C7A-8653-70324C52DFB7} = {0143BB0F-4621-4F35-A83C-168FE4C2833A}
	EndGlobalSection
EndGlobal
