
Microsoft Visual Studio Solution File, Format Version 12.00
# Visual Studio 2012
Project("{FAE04EC0-301F-11D3-BF4B-00C04F79EFBC}") = "EngineCore", "EngineCore\EngineCore.csproj", "{333D9862-F4CA-405F-85C0-FA26C45B3683}"
EndProject
Project("{FAE04EC0-301F-11D3-BF4B-00C04F79EFBC}") = "GameLogic", "GameLogic\GameLogic.csproj", "{B767A6E1-2CEA-4D01-9E93-C23D3EBB3DDB}"
EndProject
Project("{FAE04EC0-301F-11D3-BF4B-00C04F79EFBC}") = "Layout", "Layout\Layout.csproj", "{CED50765-1F3C-4771-B1F3-20E0E070E7B8}"
EndProject
Project("{FAE04EC0-301F-11D3-BF4B-00C04F79EFBC}") = "GameTest", "GameTest\GameTest.csproj", "{03B434BB-5424-4E3A-A5EC-BA244D63BDE9}"
EndProject
Project("{FAE04EC0-301F-11D3-BF4B-00C04F79EFBC}") = "JSON", "JSON\JSON.csproj", "{60FDF2EF-F0F7-44D8-B19D-799C51D7022C}"
EndProject
Project("{FAE04EC0-301F-11D3-BF4B-00C04F79EFBC}") = "Proto", "Proto\Proto.csproj", "{FC711886-821A-4F2F-984C-8BAAF260B7E8}"
EndProject
Project("{FAE04EC0-301F-11D3-BF4B-00C04F79EFBC}") = "BehaviorTree", "BehaviorTree\BehaviorTree.csproj", "{22C6EB2E-25BD-4244-80AA-E142BDBD69E6}"
EndProject
Project("{FAE04EC0-301F-11D3-BF4B-00C04F79EFBC}") = "XNet.Libs", "XNet\XNet.Libs.csproj", "{32AC4539-87A0-4E68-BCE8-FEA1D8D05062}"
EndProject
Global
	GlobalSection(SolutionConfigurationPlatforms) = preSolution
		Debug|Any CPU = Debug|Any CPU
		Release|Any CPU = Release|Any CPU
	EndGlobalSection
	GlobalSection(ProjectConfigurationPlatforms) = postSolution
		{03B434BB-5424-4E3A-A5EC-BA244D63BDE9}.Debug|Any CPU.ActiveCfg = Debug|Any CPU
		{03B434BB-5424-4E3A-A5EC-BA244D63BDE9}.Debug|Any CPU.Build.0 = Debug|Any CPU
		{03B434BB-5424-4E3A-A5EC-BA244D63BDE9}.Release|Any CPU.ActiveCfg = Release|Any CPU
		{03B434BB-5424-4E3A-A5EC-BA244D63BDE9}.Release|Any CPU.Build.0 = Release|Any CPU
		{333D9862-F4CA-405F-85C0-FA26C45B3683}.Debug|Any CPU.ActiveCfg = Debug|Any CPU
		{333D9862-F4CA-405F-85C0-FA26C45B3683}.Debug|Any CPU.Build.0 = Debug|Any CPU
		{333D9862-F4CA-405F-85C0-FA26C45B3683}.Release|Any CPU.ActiveCfg = Release|Any CPU
		{333D9862-F4CA-405F-85C0-FA26C45B3683}.Release|Any CPU.Build.0 = Release|Any CPU
		{B767A6E1-2CEA-4D01-9E93-C23D3EBB3DDB}.Debug|Any CPU.ActiveCfg = Debug|Any CPU
		{B767A6E1-2CEA-4D01-9E93-C23D3EBB3DDB}.Debug|Any CPU.Build.0 = Debug|Any CPU
		{B767A6E1-2CEA-4D01-9E93-C23D3EBB3DDB}.Release|Any CPU.ActiveCfg = Release|Any CPU
		{B767A6E1-2CEA-4D01-9E93-C23D3EBB3DDB}.Release|Any CPU.Build.0 = Release|Any CPU
		{CED50765-1F3C-4771-B1F3-20E0E070E7B8}.Debug|Any CPU.ActiveCfg = Debug|Any CPU
		{CED50765-1F3C-4771-B1F3-20E0E070E7B8}.Debug|Any CPU.Build.0 = Debug|Any CPU
		{CED50765-1F3C-4771-B1F3-20E0E070E7B8}.Release|Any CPU.ActiveCfg = Release|Any CPU
		{CED50765-1F3C-4771-B1F3-20E0E070E7B8}.Release|Any CPU.Build.0 = Release|Any CPU
		{60FDF2EF-F0F7-44D8-B19D-799C51D7022C}.Debug|Any CPU.ActiveCfg = Debug|Any CPU
		{60FDF2EF-F0F7-44D8-B19D-799C51D7022C}.Debug|Any CPU.Build.0 = Debug|Any CPU
		{60FDF2EF-F0F7-44D8-B19D-799C51D7022C}.Release|Any CPU.ActiveCfg = Release|Any CPU
		{60FDF2EF-F0F7-44D8-B19D-799C51D7022C}.Release|Any CPU.Build.0 = Release|Any CPU
		{FC711886-821A-4F2F-984C-8BAAF260B7E8}.Debug|Any CPU.ActiveCfg = Debug|Any CPU
		{FC711886-821A-4F2F-984C-8BAAF260B7E8}.Debug|Any CPU.Build.0 = Debug|Any CPU
		{FC711886-821A-4F2F-984C-8BAAF260B7E8}.Release|Any CPU.ActiveCfg = Release|Any CPU
		{FC711886-821A-4F2F-984C-8BAAF260B7E8}.Release|Any CPU.Build.0 = Release|Any CPU
		{22C6EB2E-25BD-4244-80AA-E142BDBD69E6}.Debug|Any CPU.ActiveCfg = Debug|Any CPU
		{22C6EB2E-25BD-4244-80AA-E142BDBD69E6}.Debug|Any CPU.Build.0 = Debug|Any CPU
		{22C6EB2E-25BD-4244-80AA-E142BDBD69E6}.Release|Any CPU.ActiveCfg = Release|Any CPU
		{22C6EB2E-25BD-4244-80AA-E142BDBD69E6}.Release|Any CPU.Build.0 = Release|Any CPU
		{32AC4539-87A0-4E68-BCE8-FEA1D8D05062}.Debug|Any CPU.ActiveCfg = Debug|Any CPU
		{32AC4539-87A0-4E68-BCE8-FEA1D8D05062}.Debug|Any CPU.Build.0 = Debug|Any CPU
		{32AC4539-87A0-4E68-BCE8-FEA1D8D05062}.Release|Any CPU.ActiveCfg = Release|Any CPU
		{32AC4539-87A0-4E68-BCE8-FEA1D8D05062}.Release|Any CPU.Build.0 = Release|Any CPU
	EndGlobalSection
EndGlobal
