
Microsoft Visual Studio Solution File, Format Version 12.00
# Visual Studio 2013
VisualStudioVersion = 12.0.21005.1
MinimumVisualStudioVersion = 10.0.40219.1
Project("{FAE04EC0-301F-11D3-BF4B-00C04F79EFBC}") = "DapperQ", "DapperQ\DapperQ.csproj", "{74920C29-663A-404B-9ABE-E550A867300D}"
EndProject
Project("{FAE04EC0-301F-11D3-BF4B-00C04F79EFBC}") = "Tester", "Tester\Tester.csproj", "{35EA52FB-4CBC-453D-9670-1CA1A3F52226}"
EndProject
Global
	GlobalSection(SolutionConfigurationPlatforms) = preSolution
		Debug|Any CPU = Debug|Any CPU
		Debug|x64 = Debug|x64
		Debug|x86 = Debug|x86
		Release|Any CPU = Release|Any CPU
		Release|x64 = Release|x64
		Release|x86 = Release|x86
	EndGlobalSection
	GlobalSection(ProjectConfigurationPlatforms) = postSolution
		{74920C29-663A-404B-9ABE-E550A867300D}.Debug|Any CPU.ActiveCfg = Debug|Any CPU
		{74920C29-663A-404B-9ABE-E550A867300D}.Debug|Any CPU.Build.0 = Debug|Any CPU
		{74920C29-663A-404B-9ABE-E550A867300D}.Debug|x64.ActiveCfg = Debug|Any CPU
		{74920C29-663A-404B-9ABE-E550A867300D}.Debug|x64.Build.0 = Debug|Any CPU
		{74920C29-663A-404B-9ABE-E550A867300D}.Debug|x86.ActiveCfg = Debug|Any CPU
		{74920C29-663A-404B-9ABE-E550A867300D}.Release|Any CPU.ActiveCfg = Release|Any CPU
		{74920C29-663A-404B-9ABE-E550A867300D}.Release|Any CPU.Build.0 = Release|Any CPU
		{74920C29-663A-404B-9ABE-E550A867300D}.Release|x64.ActiveCfg = Release|Any CPU
		{74920C29-663A-404B-9ABE-E550A867300D}.Release|x86.ActiveCfg = Release|Any CPU
		{35EA52FB-4CBC-453D-9670-1CA1A3F52226}.Debug|Any CPU.ActiveCfg = Debug|Any CPU
		{35EA52FB-4CBC-453D-9670-1CA1A3F52226}.Debug|Any CPU.Build.0 = Debug|Any CPU
		{35EA52FB-4CBC-453D-9670-1CA1A3F52226}.Debug|x64.ActiveCfg = Debug|Any CPU
		{35EA52FB-4CBC-453D-9670-1CA1A3F52226}.Debug|x64.Build.0 = Debug|Any CPU
		{35EA52FB-4CBC-453D-9670-1CA1A3F52226}.Debug|x86.ActiveCfg = Debug|Any CPU
		{35EA52FB-4CBC-453D-9670-1CA1A3F52226}.Release|Any CPU.ActiveCfg = Release|Any CPU
		{35EA52FB-4CBC-453D-9670-1CA1A3F52226}.Release|Any CPU.Build.0 = Release|Any CPU
		{35EA52FB-4CBC-453D-9670-1CA1A3F52226}.Release|x64.ActiveCfg = Release|Any CPU
		{35EA52FB-4CBC-453D-9670-1CA1A3F52226}.Release|x86.ActiveCfg = Release|Any CPU
	EndGlobalSection
	GlobalSection(SolutionProperties) = preSolution
		HideSolutionNode = FALSE
	EndGlobalSection
EndGlobal
